// !$*UTF8*$!
{
	archiveVersion = 1;
	classes = {
	};
	objectVersion = 50;
	objects = {

/* Begin PBXBuildFile section */
		F3D343AA2305343C0045BAF3 /* AppDelegate.swift in Sources */ = {isa = PBXBuildFile; fileRef = F3D343A92305343C0045BAF3 /* AppDelegate.swift */; };
		F3D343AC2305343C0045BAF3 /* SceneDelegate.swift in Sources */ = {isa = PBXBuildFile; fileRef = F3D343AB2305343C0045BAF3 /* SceneDelegate.swift */; };
		F3D343AE2305343C0045BAF3 /* ContentView.swift in Sources */ = {isa = PBXBuildFile; fileRef = F3D343AD2305343C0045BAF3 /* ContentView.swift */; };
		F3D343B02305343D0045BAF3 /* Assets.xcassets in Resources */ = {isa = PBXBuildFile; fileRef = F3D343AF2305343D0045BAF3 /* Assets.xcassets */; };
		F3D343B32305343D0045BAF3 /* Preview Assets.xcassets in Resources */ = {isa = PBXBuildFile; fileRef = F3D343B22305343D0045BAF3 /* Preview Assets.xcassets */; };
		F3D343B62305343D0045BAF3 /* LaunchScreen.storyboard in Resources */ = {isa = PBXBuildFile; fileRef = F3D343B42305343D0045BAF3 /* LaunchScreen.storyboard */; };
		F3D343BE230535900045BAF3 /* TopView.swift in Sources */ = {isa = PBXBuildFile; fileRef = F3D343BD230535900045BAF3 /* TopView.swift */; };
		F3D343C023053D5E0045BAF3 /* CellView.swift in Sources */ = {isa = PBXBuildFile; fileRef = F3D343BF23053D5E0045BAF3 /* CellView.swift */; };
		F3D343C223053E700045BAF3 /* userModelData.json in Resources */ = {isa = PBXBuildFile; fileRef = F3D343C123053E700045BAF3 /* userModelData.json */; };
		F3D343C423053E8A0045BAF3 /* UserResponse.swift in Sources */ = {isa = PBXBuildFile; fileRef = F3D343C323053E8A0045BAF3 /* UserResponse.swift */; };
		F3D343C623053EA00045BAF3 /* Data.swift in Sources */ = {isa = PBXBuildFile; fileRef = F3D343C523053EA00045BAF3 /* Data.swift */; };
/* End PBXBuildFile section */

/* Begin PBXFileReference section */
		F3D343A62305343C0045BAF3 /* SwiftBookAppLessons.app */ = {isa = PBXFileReference; explicitFileType = wrapper.application; includeInIndex = 0; path = SwiftBookAppLessons.app; sourceTree = BUILT_PRODUCTS_DIR; };
		F3D343A92305343C0045BAF3 /* AppDelegate.swift */ = {isa = PBXFileReference; lastKnownFileType = sourcecode.swift; path = AppDelegate.swift; sourceTree = "<group>"; };
		F3D343AB2305343C0045BAF3 /* SceneDelegate.swift */ = {isa = PBXFileReference; lastKnownFileType = sourcecode.swift; path = SceneDelegate.swift; sourceTree = "<group>"; };
		F3D343AD2305343C0045BAF3 /* ContentView.swift */ = {isa = PBXFileReference; lastKnownFileType = sourcecode.swift; path = ContentView.swift; sourceTree = "<group>"; };
		F3D343AF2305343D0045BAF3 /* Assets.xcassets */ = {isa = PBXFileReference; lastKnownFileType = folder.assetcatalog; path = Assets.xcassets; sourceTree = "<group>"; };
		F3D343B22305343D0045BAF3 /* Preview Assets.xcassets */ = {isa = PBXFileReference; lastKnownFileType = folder.assetcatalog; path = "Preview Assets.xcassets"; sourceTree = "<group>"; };
		F3D343B52305343D0045BAF3 /* Base */ = {isa = PBXFileReference; lastKnownFileType = file.storyboard; name = Base; path = Base.lproj/LaunchScreen.storyboard; sourceTree = "<group>"; };
		F3D343B72305343D0045BAF3 /* Info.plist */ = {isa = PBXFileReference; lastKnownFileType = text.plist.xml; path = Info.plist; sourceTree = "<group>"; };
		F3D343BD230535900045BAF3 /* TopView.swift */ = {isa = PBXFileReference; lastKnownFileType = sourcecode.swift; path = TopView.swift; sourceTree = "<group>"; };
		F3D343BF23053D5E0045BAF3 /* CellView.swift */ = {isa = PBXFileReference; lastKnownFileType = sourcecode.swift; path = CellView.swift; sourceTree = "<group>"; };
		F3D343C123053E700045BAF3 /* userModelData.json */ = {isa = PBXFileReference; fileEncoding = 4; lastKnownFileType = text.json; path = userModelData.json; sourceTree = "<group>"; };
		F3D343C323053E8A0045BAF3 /* UserResponse.swift */ = {isa = PBXFileReference; fileEncoding = 4; lastKnownFileType = sourcecode.swift; path = UserResponse.swift; sourceTree = "<group>"; };
		F3D343C523053EA00045BAF3 /* Data.swift */ = {isa = PBXFileReference; fileEncoding = 4; lastKnownFileType = sourcecode.swift; path = Data.swift; sourceTree = "<group>"; };
/* End PBXFileReference section */

/* Begin PBXFrameworksBuildPhase section */
		F3D343A32305343C0045BAF3 /* Frameworks */ = {
			isa = PBXFrameworksBuildPhase;
			buildActionMask = 2147483647;
			files = (
			);
			runOnlyForDeploymentPostprocessing = 0;
		};
/* End PBXFrameworksBuildPhase section */

/* Begin PBXGroup section */
		F3D3439D2305343C0045BAF3 = {
			isa = PBXGroup;
			children = (
				F3D343A82305343C0045BAF3 /* SwiftBookAppLessons */,
				F3D343A72305343C0045BAF3 /* Products */,
			);
			sourceTree = "<group>";
		};
		F3D343A72305343C0045BAF3 /* Products */ = {
			isa = PBXGroup;
			children = (
				F3D343A62305343C0045BAF3 /* SwiftBookAppLessons.app */,
			);
			name = Products;
			sourceTree = "<group>";
		};
		F3D343A82305343C0045BAF3 /* SwiftBookAppLessons */ = {
			isa = PBXGroup;
			children = (
				F3D343A92305343C0045BAF3 /* AppDelegate.swift */,
				F3D343AB2305343C0045BAF3 /* SceneDelegate.swift */,
				F3D343AD2305343C0045BAF3 /* ContentView.swift */,
				F3D343BD230535900045BAF3 /* TopView.swift */,
				F3D343BF23053D5E0045BAF3 /* CellView.swift */,
				F3D343C323053E8A0045BAF3 /* UserResponse.swift */,
				F3D343C523053EA00045BAF3 /* Data.swift */,
				F3D343C123053E700045BAF3 /* userModelData.json */,
				F3D343AF2305343D0045BAF3 /* Assets.xcassets */,
				F3D343B42305343D0045BAF3 /* LaunchScreen.storyboard */,
				F3D343B72305343D0045BAF3 /* Info.plist */,
				F3D343B12305343D0045BAF3 /* Preview Content */,
			);
			path = SwiftBookAppLessons;
			sourceTree = "<group>";
		};
		F3D343B12305343D0045BAF3 /* Preview Content */ = {
			isa = PBXGroup;
			children = (
				F3D343B22305343D0045BAF3 /* Preview Assets.xcassets */,
			);
			path = "Preview Content";
			sourceTree = "<group>";
		};
/* End PBXGroup section */

/* Begin PBXNativeTarget section */
		F3D343A52305343C0045BAF3 /* SwiftBookAppLessons */ = {
			isa = PBXNativeTarget;
			buildConfigurationList = F3D343BA2305343D0045BAF3 /* Build configuration list for PBXNativeTarget "SwiftBookAppLessons" */;
			buildPhases = (
				F3D343A22305343C0045BAF3 /* Sources */,
				F3D343A32305343C0045BAF3 /* Frameworks */,
				F3D343A42305343C0045BAF3 /* Resources */,
			);
			buildRules = (
			);
			dependencies = (
			);
			name = SwiftBookAppLessons;
			productName = SwiftBookAppLessons;
			productReference = F3D343A62305343C0045BAF3 /* SwiftBookAppLessons.app */;
			productType = "com.apple.product-type.application";
		};
/* End PBXNativeTarget section */

/* Begin PBXProject section */
		F3D3439E2305343C0045BAF3 /* Project object */ = {
			isa = PBXProject;
			attributes = {
				LastSwiftUpdateCheck = 1100;
				LastUpgradeCheck = 1100;
				ORGANIZATIONNAME = "Mykhailo Bondarenko";
				TargetAttributes = {
					F3D343A52305343C0045BAF3 = {
						CreatedOnToolsVersion = 11.0;
					};
				};
			};
			buildConfigurationList = F3D343A12305343C0045BAF3 /* Build configuration list for PBXProject "SwiftBookAppLessons" */;
			compatibilityVersion = "Xcode 9.3";
			developmentRegion = en;
			hasScannedForEncodings = 0;
			knownRegions = (
				en,
				Base,
			);
			mainGroup = F3D3439D2305343C0045BAF3;
			productRefGroup = F3D343A72305343C0045BAF3 /* Products */;
			projectDirPath = "";
			projectRoot = "";
			targets = (
				F3D343A52305343C0045BAF3 /* SwiftBookAppLessons */,
			);
		};
/* End PBXProject section */

/* Begin PBXResourcesBuildPhase section */
		F3D343A42305343C0045BAF3 /* Resources */ = {
			isa = PBXResourcesBuildPhase;
			buildActionMask = 2147483647;
			files = (
				F3D343C223053E700045BAF3 /* userModelData.json in Resources */,
				F3D343B62305343D0045BAF3 /* LaunchScreen.storyboard in Resources */,
				F3D343B32305343D0045BAF3 /* Preview Assets.xcassets in Resources */,
				F3D343B02305343D0045BAF3 /* Assets.xcassets in Resources */,
			);
			runOnlyForDeploymentPostprocessing = 0;
		};
/* End PBXResourcesBuildPhase section */

/* Begin PBXSourcesBuildPhase section */
		F3D343A22305343C0045BAF3 /* Sources */ = {
			isa = PBXSourcesBuildPhase;
			buildActionMask = 2147483647;
			files = (
				F3D343C623053EA00045BAF3 /* Data.swift in Sources */,
				F3D343AA2305343C0045BAF3 /* AppDelegate.swift in Sources */,
				F3D343C023053D5E0045BAF3 /* CellView.swift in Sources */,
				F3D343AC2305343C0045BAF3 /* SceneDelegate.swift in Sources */,
				F3D343BE230535900045BAF3 /* TopView.swift in Sources */,
				F3D343AE2305343C0045BAF3 /* ContentView.swift in Sources */,
				F3D343C423053E8A0045BAF3 /* UserResponse.swift in Sources */,
			);
			runOnlyForDeploymentPostprocessing = 0;
		};
/* End PBXSourcesBuildPhase section */

/* Begin PBXVariantGroup section */
		F3D343B42305343D0045BAF3 /* LaunchScreen.storyboard */ = {
			isa = PBXVariantGroup;
			children = (
				F3D343B52305343D0045BAF3 /* Base */,
			);
			name = LaunchScreen.storyboard;
			sourceTree = "<group>";
		};
/* End PBXVariantGroup section */

/* Begin XCBuildConfiguration section */
		F3D343B82305343D0045BAF3 /* Debug */ = {
			isa = XCBuildConfiguration;
			buildSettings = {
				ALWAYS_SEARCH_USER_PATHS = NO;
				CLANG_ANALYZER_NONNULL = YES;
				CLANG_ANALYZER_NUMBER_OBJECT_CONVERSION = YES_AGGRESSIVE;
				CLANG_CXX_LANGUAGE_STANDARD = "gnu++14";
				CLANG_CXX_LIBRARY = "libc++";
				CLANG_ENABLE_MODULES = YES;
				CLANG_ENABLE_OBJC_ARC = YES;
				CLANG_ENABLE_OBJC_WEAK = YES;
				CLANG_WARN_BLOCK_CAPTURE_AUTORELEASING = YES;
				CLANG_WARN_BOOL_CONVERSION = YES;
				CLANG_WARN_COMMA = YES;
				CLANG_WARN_CONSTANT_CONVERSION = YES;
				CLANG_WARN_DEPRECATED_OBJC_IMPLEMENTATIONS = YES;
				CLANG_WARN_DIRECT_OBJC_ISA_USAGE = YES_ERROR;
				CLANG_WARN_DOCUMENTATION_COMMENTS = YES;
				CLANG_WARN_EMPTY_BODY = YES;
				CLANG_WARN_ENUM_CONVERSION = YES;
				CLANG_WARN_INFINITE_RECURSION = YES;
				CLANG_WARN_INT_CONVERSION = YES;
				CLANG_WARN_NON_LITERAL_NULL_CONVERSION = YES;
				CLANG_WARN_OBJC_IMPLICIT_RETAIN_SELF = YES;
				CLANG_WARN_OBJC_LITERAL_CONVERSION = YES;
				CLANG_WARN_OBJC_ROOT_CLASS = YES_ERROR;
				CLANG_WARN_RANGE_LOOP_ANALYSIS = YES;
				CLANG_WARN_STRICT_PROTOTYPES = YES;
				CLANG_WARN_SUSPICIOUS_MOVE = YES;
				CLANG_WARN_UNGUARDED_AVAILABILITY = YES_AGGRESSIVE;
				CLANG_WARN_UNREACHABLE_CODE = YES;
				CLANG_WARN__DUPLICATE_METHOD_MATCH = YES;
				COPY_PHASE_STRIP = NO;
				DEBUG_INFORMATION_FORMAT = dwarf;
				ENABLE_STRICT_OBJC_MSGSEND = YES;
				ENABLE_TESTABILITY = YES;
				GCC_C_LANGUAGE_STANDARD = gnu11;
				GCC_DYNAMIC_NO_PIC = NO;
				GCC_NO_COMMON_BLOCKS = YES;
				GCC_OPTIMIZATION_LEVEL = 0;
				GCC_PREPROCESSOR_DEFINITIONS = (
					"DEBUG=1",
					"$(inherited)",
				);
				GCC_WARN_64_TO_32_BIT_CONVERSION = YES;
				GCC_WARN_ABOUT_RETURN_TYPE = YES_ERROR;
				GCC_WARN_UNDECLARED_SELECTOR = YES;
				GCC_WARN_UNINITIALIZED_AUTOS = YES_AGGRESSIVE;
				GCC_WARN_UNUSED_FUNCTION = YES;
				GCC_WARN_UNUSED_VARIABLE = YES;
				IPHONEOS_DEPLOYMENT_TARGET = 13.0;
				MTL_ENABLE_DEBUG_INFO = INCLUDE_SOURCE;
				MTL_FAST_MATH = YES;
				ONLY_ACTIVE_ARCH = YES;
				SDKROOT = iphoneos;
				SWIFT_ACTIVE_COMPILATION_CONDITIONS = DEBUG;
				SWIFT_OPTIMIZATION_LEVEL = "-Onone";
			};
			name = Debug;
		};
		F3D343B92305343D0045BAF3 /* Release */ = {
			isa = XCBuildConfiguration;
			buildSettings = {
				ALWAYS_SEARCH_USER_PATHS = NO;
				CLANG_ANALYZER_NONNULL = YES;
				CLANG_ANALYZER_NUMBER_OBJECT_CONVERSION = YES_AGGRESSIVE;
				CLANG_CXX_LANGUAGE_STANDARD = "gnu++14";
				CLANG_CXX_LIBRARY = "libc++";
				CLANG_ENABLE_MODULES = YES;
				CLANG_ENABLE_OBJC_ARC = YES;
				CLANG_ENABLE_OBJC_WEAK = YES;
				CLANG_WARN_BLOCK_CAPTURE_AUTORELEASING = YES;
				CLANG_WARN_BOOL_CONVERSION = YES;
				CLANG_WARN_COMMA = YES;
				CLANG_WARN_CONSTANT_CONVERSION = YES;
				CLANG_WARN_DEPRECATED_OBJC_IMPLEMENTATIONS = YES;
				CLANG_WARN_DIRECT_OBJC_ISA_USAGE = YES_ERROR;
				CLANG_WARN_DOCUMENTATION_COMMENTS = YES;
				CLANG_WARN_EMPTY_BODY = YES;
				CLANG_WARN_ENUM_CONVERSION = YES;
				CLANG_WARN_INFINITE_RECURSION = YES;
				CLANG_WARN_INT_CONVERSION = YES;
				CLANG_WARN_NON_LITERAL_NULL_CONVERSION = YES;
				CLANG_WARN_OBJC_IMPLICIT_RETAIN_SELF = YES;
				CLANG_WARN_OBJC_LITERAL_CONVERSION = YES;
				CLANG_WARN_OBJC_ROOT_CLASS = YES_ERROR;
				CLANG_WARN_RANGE_LOOP_ANALYSIS = YES;
				CLANG_WARN_STRICT_PROTOTYPES = YES;
				CLANG_WARN_SUSPICIOUS_MOVE = YES;
				CLANG_WARN_UNGUARDED_AVAILABILITY = YES_AGGRESSIVE;
				CLANG_WARN_UNREACHABLE_CODE = YES;
				CLANG_WARN__DUPLICATE_METHOD_MATCH = YES;
				COPY_PHASE_STRIP = NO;
				DEBUG_INFORMATION_FORMAT = "dwarf-with-dsym";
				ENABLE_NS_ASSERTIONS = NO;
				ENABLE_STRICT_OBJC_MSGSEND = YES;
				GCC_C_LANGUAGE_STANDARD = gnu11;
				GCC_NO_COMMON_BLOCKS = YES;
				GCC_WARN_64_TO_32_BIT_CONVERSION = YES;
				GCC_WARN_ABOUT_RETURN_TYPE = YES_ERROR;
				GCC_WARN_UNDECLARED_SELECTOR = YES;
				GCC_WARN_UNINITIALIZED_AUTOS = YES_AGGRESSIVE;
				GCC_WARN_UNUSED_FUNCTION = YES;
				GCC_WARN_UNUSED_VARIABLE = YES;
				IPHONEOS_DEPLOYMENT_TARGET = 13.0;
				MTL_ENABLE_DEBUG_INFO = NO;
				MTL_FAST_MATH = YES;
				SDKROOT = iphoneos;
				SWIFT_COMPILATION_MODE = wholemodule;
				SWIFT_OPTIMIZATION_LEVEL = "-O";
				VALIDATE_PRODUCT = YES;
			};
			name = Release;
		};
		F3D343BB2305343D0045BAF3 /* Debug */ = {
			isa = XCBuildConfiguration;
			buildSettings = {
				ASSETCATALOG_COMPILER_APPICON_NAME = AppIcon;
				CODE_SIGN_STYLE = Automatic;
				DEVELOPMENT_ASSET_PATHS = "SwiftBookAppLessons/Preview\\ Content";
				DEVELOPMENT_TEAM = GYWWW55376;
				ENABLE_PREVIEWS = YES;
				INFOPLIST_FILE = SwiftBookAppLessons/Info.plist;
				LD_RUNPATH_SEARCH_PATHS = (
					"$(inherited)",
					"@executable_path/Frameworks",
				);
				PRODUCT_BUNDLE_IDENTIFIER = com.mcmikius.SwiftBookAppLessons;
				PRODUCT_NAME = "$(TARGET_NAME)";
				SWIFT_VERSION = 5.0;
				TARGETED_DEVICE_FAMILY = "1,2";
			};
			name = Debug;
		};
		F3D343BC2305343D0045BAF3 /* Release */ = {
			isa = XCBuildConfiguration;
			buildSettings = {
				ASSETCATALOG_COMPILER_APPICON_NAME = AppIcon;
				CODE_SIGN_STYLE = Automatic;
				DEVELOPMENT_ASSET_PATHS = "SwiftBookAppLessons/Preview\\ Content";
				DEVELOPMENT_TEAM = GYWWW55376;
				ENABLE_PREVIEWS = YES;
				INFOPLIST_FILE = SwiftBookAppLessons/Info.plist;
				LD_RUNPATH_SEARCH_PATHS = (
					"$(inherited)",
					"@executable_path/Frameworks",
				);
				PRODUCT_BUNDLE_IDENTIFIER = com.mcmikius.SwiftBookAppLessons;
				PRODUCT_NAME = "$(TARGET_NAME)";
				SWIFT_VERSION = 5.0;
				TARGETED_DEVICE_FAMILY = "1,2";
			};
			name = Release;
		};
/* End XCBuildConfiguration section */

/* Begin XCConfigurationList section */
		F3D343A12305343C0045BAF3 /* Build configuration list for PBXProject "SwiftBookAppLessons" */ = {
			isa = XCConfigurationList;
			buildConfigurations = (
				F3D343B82305343D0045BAF3 /* Debug */,
				F3D343B92305343D0045BAF3 /* Release */,
			);
			defaultConfigurationIsVisible = 0;
			defaultConfigurationName = Release;
		};
		F3D343BA2305343D0045BAF3 /* Build configuration list for PBXNativeTarget "SwiftBookAppLessons" */ = {
			isa = XCConfigurationList;
			buildConfigurations = (
				F3D343BB2305343D0045BAF3 /* Debug */,
				F3D343BC2305343D0045BAF3 /* Release */,
			);
			defaultConfigurationIsVisible = 0;
			defaultConfigurationName = Release;
		};
/* End XCConfigurationList section */
	};
	rootObject = F3D3439E2305343C0045BAF3 /* Project object */;
}
