// !$*UTF8*$!
{
	archiveVersion = 1;
	classes = {
	};
	objectVersion = 50;
	objects = {

/* Begin PBXBuildFile section */
		F3241215232229530099067F /* AppDelegate.swift in Sources */ = {isa = PBXBuildFile; fileRef = F3241214232229530099067F /* AppDelegate.swift */; };
		F3241217232229530099067F /* SceneDelegate.swift in Sources */ = {isa = PBXBuildFile; fileRef = F3241216232229530099067F /* SceneDelegate.swift */; };
		F3241219232229530099067F /* ContentView.swift in Sources */ = {isa = PBXBuildFile; fileRef = F3241218232229530099067F /* ContentView.swift */; };
		F324121B232229550099067F /* Assets.xcassets in Resources */ = {isa = PBXBuildFile; fileRef = F324121A232229550099067F /* Assets.xcassets */; };
		F324121E232229550099067F /* Preview Assets.xcassets in Resources */ = {isa = PBXBuildFile; fileRef = F324121D232229550099067F /* Preview Assets.xcassets */; };
		F3241221232229550099067F /* LaunchScreen.storyboard in Resources */ = {isa = PBXBuildFile; fileRef = F324121F232229550099067F /* LaunchScreen.storyboard */; };
		F324122923222A0F0099067F /* drinks.json in Resources */ = {isa = PBXBuildFile; fileRef = F324122823222A0F0099067F /* drinks.json */; };
		F324122B232231760099067F /* Data.swift in Sources */ = {isa = PBXBuildFile; fileRef = F324122A232231760099067F /* Data.swift */; };
		F324122D232232FE0099067F /* Drink.swift in Sources */ = {isa = PBXBuildFile; fileRef = F324122C232232FE0099067F /* Drink.swift */; };
/* End PBXBuildFile section */

/* Begin PBXFileReference section */
		F3241211232229530099067F /* CoffeeDBApp.app */ = {isa = PBXFileReference; explicitFileType = wrapper.application; includeInIndex = 0; path = CoffeeDBApp.app; sourceTree = BUILT_PRODUCTS_DIR; };
		F3241214232229530099067F /* AppDelegate.swift */ = {isa = PBXFileReference; lastKnownFileType = sourcecode.swift; path = AppDelegate.swift; sourceTree = "<group>"; };
		F3241216232229530099067F /* SceneDelegate.swift */ = {isa = PBXFileReference; lastKnownFileType = sourcecode.swift; path = SceneDelegate.swift; sourceTree = "<group>"; };
		F3241218232229530099067F /* ContentView.swift */ = {isa = PBXFileReference; lastKnownFileType = sourcecode.swift; path = ContentView.swift; sourceTree = "<group>"; };
		F324121A232229550099067F /* Assets.xcassets */ = {isa = PBXFileReference; lastKnownFileType = folder.assetcatalog; path = Assets.xcassets; sourceTree = "<group>"; };
		F324121D232229550099067F /* Preview Assets.xcassets */ = {isa = PBXFileReference; lastKnownFileType = folder.assetcatalog; path = "Preview Assets.xcassets"; sourceTree = "<group>"; };
		F3241220232229550099067F /* Base */ = {isa = PBXFileReference; lastKnownFileType = file.storyboard; name = Base; path = Base.lproj/LaunchScreen.storyboard; sourceTree = "<group>"; };
		F3241222232229550099067F /* Info.plist */ = {isa = PBXFileReference; lastKnownFileType = text.plist.xml; path = Info.plist; sourceTree = "<group>"; };
		F324122823222A0F0099067F /* drinks.json */ = {isa = PBXFileReference; lastKnownFileType = text.json; path = drinks.json; sourceTree = "<group>"; };
		F324122A232231760099067F /* Data.swift */ = {isa = PBXFileReference; lastKnownFileType = sourcecode.swift; path = Data.swift; sourceTree = "<group>"; };
		F324122C232232FE0099067F /* Drink.swift */ = {isa = PBXFileReference; lastKnownFileType = sourcecode.swift; path = Drink.swift; sourceTree = "<group>"; };
/* End PBXFileReference section */

/* Begin PBXFrameworksBuildPhase section */
		F324120E232229530099067F /* Frameworks */ = {
			isa = PBXFrameworksBuildPhase;
			buildActionMask = 2147483647;
			files = (
			);
			runOnlyForDeploymentPostprocessing = 0;
		};
/* End PBXFrameworksBuildPhase section */

/* Begin PBXGroup section */
		F3241208232229530099067F = {
			isa = PBXGroup;
			children = (
				F3241213232229530099067F /* CoffeeDBApp */,
				F3241212232229530099067F /* Products */,
			);
			sourceTree = "<group>";
		};
		F3241212232229530099067F /* Products */ = {
			isa = PBXGroup;
			children = (
				F3241211232229530099067F /* CoffeeDBApp.app */,
			);
			name = Products;
			sourceTree = "<group>";
		};
		F3241213232229530099067F /* CoffeeDBApp */ = {
			isa = PBXGroup;
			children = (
				F3241214232229530099067F /* AppDelegate.swift */,
				F3241216232229530099067F /* SceneDelegate.swift */,
				F3241218232229530099067F /* ContentView.swift */,
				F324122C232232FE0099067F /* Drink.swift */,
				F324122A232231760099067F /* Data.swift */,
				F324121A232229550099067F /* Assets.xcassets */,
				F324121F232229550099067F /* LaunchScreen.storyboard */,
				F3241222232229550099067F /* Info.plist */,
				F324121C232229550099067F /* Preview Content */,
				F324122823222A0F0099067F /* drinks.json */,
			);
			path = CoffeeDBApp;
			sourceTree = "<group>";
		};
		F324121C232229550099067F /* Preview Content */ = {
			isa = PBXGroup;
			children = (
				F324121D232229550099067F /* Preview Assets.xcassets */,
			);
			path = "Preview Content";
			sourceTree = "<group>";
		};
/* End PBXGroup section */

/* Begin PBXNativeTarget section */
		F3241210232229530099067F /* CoffeeDBApp */ = {
			isa = PBXNativeTarget;
			buildConfigurationList = F3241225232229550099067F /* Build configuration list for PBXNativeTarget "CoffeeDBApp" */;
			buildPhases = (
				F324120D232229530099067F /* Sources */,
				F324120E232229530099067F /* Frameworks */,
				F324120F232229530099067F /* Resources */,
			);
			buildRules = (
			);
			dependencies = (
			);
			name = CoffeeDBApp;
			productName = CoffeeDBApp;
			productReference = F3241211232229530099067F /* CoffeeDBApp.app */;
			productType = "com.apple.product-type.application";
		};
/* End PBXNativeTarget section */

/* Begin PBXProject section */
		F3241209232229530099067F /* Project object */ = {
			isa = PBXProject;
			attributes = {
				LastSwiftUpdateCheck = 1100;
				LastUpgradeCheck = 1100;
				ORGANIZATIONNAME = "Mykhailo Bondarenko";
				TargetAttributes = {
					F3241210232229530099067F = {
						CreatedOnToolsVersion = 11.0;
					};
				};
			};
			buildConfigurationList = F324120C232229530099067F /* Build configuration list for PBXProject "CoffeeDBApp" */;
			compatibilityVersion = "Xcode 9.3";
			developmentRegion = en;
			hasScannedForEncodings = 0;
			knownRegions = (
				en,
				Base,
			);
			mainGroup = F3241208232229530099067F;
			productRefGroup = F3241212232229530099067F /* Products */;
			projectDirPath = "";
			projectRoot = "";
			targets = (
				F3241210232229530099067F /* CoffeeDBApp */,
			);
		};
/* End PBXProject section */

/* Begin PBXResourcesBuildPhase section */
		F324120F232229530099067F /* Resources */ = {
			isa = PBXResourcesBuildPhase;
			buildActionMask = 2147483647;
			files = (
				F3241221232229550099067F /* LaunchScreen.storyboard in Resources */,
				F324121E232229550099067F /* Preview Assets.xcassets in Resources */,
				F324122923222A0F0099067F /* drinks.json in Resources */,
				F324121B232229550099067F /* Assets.xcassets in Resources */,
			);
			runOnlyForDeploymentPostprocessing = 0;
		};
/* End PBXResourcesBuildPhase section */

/* Begin PBXSourcesBuildPhase section */
		F324120D232229530099067F /* Sources */ = {
			isa = PBXSourcesBuildPhase;
			buildActionMask = 2147483647;
			files = (
				F3241215232229530099067F /* AppDelegate.swift in Sources */,
				F3241217232229530099067F /* SceneDelegate.swift in Sources */,
				F3241219232229530099067F /* ContentView.swift in Sources */,
				F324122D232232FE0099067F /* Drink.swift in Sources */,
				F324122B232231760099067F /* Data.swift in Sources */,
			);
			runOnlyForDeploymentPostprocessing = 0;
		};
/* End PBXSourcesBuildPhase section */

/* Begin PBXVariantGroup section */
		F324121F232229550099067F /* LaunchScreen.storyboard */ = {
			isa = PBXVariantGroup;
			children = (
				F3241220232229550099067F /* Base */,
			);
			name = LaunchScreen.storyboard;
			sourceTree = "<group>";
		};
/* End PBXVariantGroup section */

/* Begin XCBuildConfiguration section */
		F3241223232229550099067F /* Debug */ = {
			isa = XCBuildConfiguration;
			buildSettings = {
				ALWAYS_SEARCH_USER_PATHS = NO;
				CLANG_ANALYZER_NONNULL = YES;
				CLANG_ANALYZER_NUMBER_OBJECT_CONVERSION = YES_AGGRESSIVE;
				CLANG_CXX_LANGUAGE_STANDARD = "gnu++14";
				CLANG_CXX_LIBRARY = "libc++";
				CLANG_ENABLE_MODULES = YES;
				CLANG_ENABLE_OBJC_ARC = YES;
				CLANG_ENABLE_OBJC_WEAK = YES;
				CLANG_WARN_BLOCK_CAPTURE_AUTORELEASING = YES;
				CLANG_WARN_BOOL_CONVERSION = YES;
				CLANG_WARN_COMMA = YES;
				CLANG_WARN_CONSTANT_CONVERSION = YES;
				CLANG_WARN_DEPRECATED_OBJC_IMPLEMENTATIONS = YES;
				CLANG_WARN_DIRECT_OBJC_ISA_USAGE = YES_ERROR;
				CLANG_WARN_DOCUMENTATION_COMMENTS = YES;
				CLANG_WARN_EMPTY_BODY = YES;
				CLANG_WARN_ENUM_CONVERSION = YES;
				CLANG_WARN_INFINITE_RECURSION = YES;
				CLANG_WARN_INT_CONVERSION = YES;
				CLANG_WARN_NON_LITERAL_NULL_CONVERSION = YES;
				CLANG_WARN_OBJC_IMPLICIT_RETAIN_SELF = YES;
				CLANG_WARN_OBJC_LITERAL_CONVERSION = YES;
				CLANG_WARN_OBJC_ROOT_CLASS = YES_ERROR;
				CLANG_WARN_RANGE_LOOP_ANALYSIS = YES;
				CLANG_WARN_STRICT_PROTOTYPES = YES;
				CLANG_WARN_SUSPICIOUS_MOVE = YES;
				CLANG_WARN_UNGUARDED_AVAILABILITY = YES_AGGRESSIVE;
				CLANG_WARN_UNREACHABLE_CODE = YES;
				CLANG_WARN__DUPLICATE_METHOD_MATCH = YES;
				COPY_PHASE_STRIP = NO;
				DEBUG_INFORMATION_FORMAT = dwarf;
				ENABLE_STRICT_OBJC_MSGSEND = YES;
				ENABLE_TESTABILITY = YES;
				GCC_C_LANGUAGE_STANDARD = gnu11;
				GCC_DYNAMIC_NO_PIC = NO;
				GCC_NO_COMMON_BLOCKS = YES;
				GCC_OPTIMIZATION_LEVEL = 0;
				GCC_PREPROCESSOR_DEFINITIONS = (
					"DEBUG=1",
					"$(inherited)",
				);
				GCC_WARN_64_TO_32_BIT_CONVERSION = YES;
				GCC_WARN_ABOUT_RETURN_TYPE = YES_ERROR;
				GCC_WARN_UNDECLARED_SELECTOR = YES;
				GCC_WARN_UNINITIALIZED_AUTOS = YES_AGGRESSIVE;
				GCC_WARN_UNUSED_FUNCTION = YES;
				GCC_WARN_UNUSED_VARIABLE = YES;
				IPHONEOS_DEPLOYMENT_TARGET = 13.0;
				MTL_ENABLE_DEBUG_INFO = INCLUDE_SOURCE;
				MTL_FAST_MATH = YES;
				ONLY_ACTIVE_ARCH = YES;
				SDKROOT = iphoneos;
				SWIFT_ACTIVE_COMPILATION_CONDITIONS = DEBUG;
				SWIFT_OPTIMIZATION_LEVEL = "-Onone";
			};
			name = Debug;
		};
		F3241224232229550099067F /* Release */ = {
			isa = XCBuildConfiguration;
			buildSettings = {
				ALWAYS_SEARCH_USER_PATHS = NO;
				CLANG_ANALYZER_NONNULL = YES;
				CLANG_ANALYZER_NUMBER_OBJECT_CONVERSION = YES_AGGRESSIVE;
				CLANG_CXX_LANGUAGE_STANDARD = "gnu++14";
				CLANG_CXX_LIBRARY = "libc++";
				CLANG_ENABLE_MODULES = YES;
				CLANG_ENABLE_OBJC_ARC = YES;
				CLANG_ENABLE_OBJC_WEAK = YES;
				CLANG_WARN_BLOCK_CAPTURE_AUTORELEASING = YES;
				CLANG_WARN_BOOL_CONVERSION = YES;
				CLANG_WARN_COMMA = YES;
				CLANG_WARN_CONSTANT_CONVERSION = YES;
				CLANG_WARN_DEPRECATED_OBJC_IMPLEMENTATIONS = YES;
				CLANG_WARN_DIRECT_OBJC_ISA_USAGE = YES_ERROR;
				CLANG_WARN_DOCUMENTATION_COMMENTS = YES;
				CLANG_WARN_EMPTY_BODY = YES;
				CLANG_WARN_ENUM_CONVERSION = YES;
				CLANG_WARN_INFINITE_RECURSION = YES;
				CLANG_WARN_INT_CONVERSION = YES;
				CLANG_WARN_NON_LITERAL_NULL_CONVERSION = YES;
				CLANG_WARN_OBJC_IMPLICIT_RETAIN_SELF = YES;
				CLANG_WARN_OBJC_LITERAL_CONVERSION = YES;
				CLANG_WARN_OBJC_ROOT_CLASS = YES_ERROR;
				CLANG_WARN_RANGE_LOOP_ANALYSIS = YES;
				CLANG_WARN_STRICT_PROTOTYPES = YES;
				CLANG_WARN_SUSPICIOUS_MOVE = YES;
				CLANG_WARN_UNGUARDED_AVAILABILITY = YES_AGGRESSIVE;
				CLANG_WARN_UNREACHABLE_CODE = YES;
				CLANG_WARN__DUPLICATE_METHOD_MATCH = YES;
				COPY_PHASE_STRIP = NO;
				DEBUG_INFORMATION_FORMAT = "dwarf-with-dsym";
				ENABLE_NS_ASSERTIONS = NO;
				ENABLE_STRICT_OBJC_MSGSEND = YES;
				GCC_C_LANGUAGE_STANDARD = gnu11;
				GCC_NO_COMMON_BLOCKS = YES;
				GCC_WARN_64_TO_32_BIT_CONVERSION = YES;
				GCC_WARN_ABOUT_RETURN_TYPE = YES_ERROR;
				GCC_WARN_UNDECLARED_SELECTOR = YES;
				GCC_WARN_UNINITIALIZED_AUTOS = YES_AGGRESSIVE;
				GCC_WARN_UNUSED_FUNCTION = YES;
				GCC_WARN_UNUSED_VARIABLE = YES;
				IPHONEOS_DEPLOYMENT_TARGET = 13.0;
				MTL_ENABLE_DEBUG_INFO = NO;
				MTL_FAST_MATH = YES;
				SDKROOT = iphoneos;
				SWIFT_COMPILATION_MODE = wholemodule;
				SWIFT_OPTIMIZATION_LEVEL = "-O";
				VALIDATE_PRODUCT = YES;
			};
			name = Release;
		};
		F3241226232229550099067F /* Debug */ = {
			isa = XCBuildConfiguration;
			buildSettings = {
				ASSETCATALOG_COMPILER_APPICON_NAME = AppIcon;
				CODE_SIGN_STYLE = Automatic;
				DEVELOPMENT_ASSET_PATHS = "\"CoffeeDBApp/Preview Content\"";
				DEVELOPMENT_TEAM = GYWWW55376;
				ENABLE_PREVIEWS = YES;
				INFOPLIST_FILE = CoffeeDBApp/Info.plist;
				LD_RUNPATH_SEARCH_PATHS = (
					"$(inherited)",
					"@executable_path/Frameworks",
				);
				PRODUCT_BUNDLE_IDENTIFIER = com.mcmikius.CoffeeDBApp;
				PRODUCT_NAME = "$(TARGET_NAME)";
				SWIFT_VERSION = 5.0;
				TARGETED_DEVICE_FAMILY = "1,2";
			};
			name = Debug;
		};
		F3241227232229550099067F /* Release */ = {
			isa = XCBuildConfiguration;
			buildSettings = {
				ASSETCATALOG_COMPILER_APPICON_NAME = AppIcon;
				CODE_SIGN_STYLE = Automatic;
				DEVELOPMENT_ASSET_PATHS = "\"CoffeeDBApp/Preview Content\"";
				DEVELOPMENT_TEAM = GYWWW55376;
				ENABLE_PREVIEWS = YES;
				INFOPLIST_FILE = CoffeeDBApp/Info.plist;
				LD_RUNPATH_SEARCH_PATHS = (
					"$(inherited)",
					"@executable_path/Frameworks",
				);
				PRODUCT_BUNDLE_IDENTIFIER = com.mcmikius.CoffeeDBApp;
				PRODUCT_NAME = "$(TARGET_NAME)";
				SWIFT_VERSION = 5.0;
				TARGETED_DEVICE_FAMILY = "1,2";
			};
			name = Release;
		};
/* End XCBuildConfiguration section */

/* Begin XCConfigurationList section */
		F324120C232229530099067F /* Build configuration list for PBXProject "CoffeeDBApp" */ = {
			isa = XCConfigurationList;
			buildConfigurations = (
				F3241223232229550099067F /* Debug */,
				F3241224232229550099067F /* Release */,
			);
			defaultConfigurationIsVisible = 0;
			defaultConfigurationName = Release;
		};
		F3241225232229550099067F /* Build configuration list for PBXNativeTarget "CoffeeDBApp" */ = {
			isa = XCConfigurationList;
			buildConfigurations = (
				F3241226232229550099067F /* Debug */,
				F3241227232229550099067F /* Release */,
			);
			defaultConfigurationIsVisible = 0;
			defaultConfigurationName = Release;
		};
/* End XCConfigurationList section */
	};
	rootObject = F3241209232229530099067F /* Project object */;
}
