// !$*UTF8*$!
{
	archiveVersion = 1;
	classes = {
	};
	objectVersion = 50;
	objects = {

/* Begin PBXBuildFile section */
		F32540362338CC2A0006C726 /* AppDelegate.swift in Sources */ = {isa = PBXBuildFile; fileRef = F32540352338CC2A0006C726 /* AppDelegate.swift */; };
		F32540382338CC2A0006C726 /* SceneDelegate.swift in Sources */ = {isa = PBXBuildFile; fileRef = F32540372338CC2A0006C726 /* SceneDelegate.swift */; };
		F325403B2338CC2A0006C726 /* CoreDataWebinarSix.xcdatamodeld in Sources */ = {isa = PBXBuildFile; fileRef = F32540392338CC2A0006C726 /* CoreDataWebinarSix.xcdatamodeld */; };
		F325403D2338CC2A0006C726 /* ContentView.swift in Sources */ = {isa = PBXBuildFile; fileRef = F325403C2338CC2A0006C726 /* ContentView.swift */; };
		F325403F2338CC2C0006C726 /* Assets.xcassets in Resources */ = {isa = PBXBuildFile; fileRef = F325403E2338CC2C0006C726 /* Assets.xcassets */; };
		F32540422338CC2C0006C726 /* Preview Assets.xcassets in Resources */ = {isa = PBXBuildFile; fileRef = F32540412338CC2C0006C726 /* Preview Assets.xcassets */; };
		F32540452338CC2C0006C726 /* LaunchScreen.storyboard in Resources */ = {isa = PBXBuildFile; fileRef = F32540432338CC2C0006C726 /* LaunchScreen.storyboard */; };
/* End PBXBuildFile section */

/* Begin PBXFileReference section */
		F32540322338CC2A0006C726 /* CoreDataWebinarSix.app */ = {isa = PBXFileReference; explicitFileType = wrapper.application; includeInIndex = 0; path = CoreDataWebinarSix.app; sourceTree = BUILT_PRODUCTS_DIR; };
		F32540352338CC2A0006C726 /* AppDelegate.swift */ = {isa = PBXFileReference; lastKnownFileType = sourcecode.swift; path = AppDelegate.swift; sourceTree = "<group>"; };
		F32540372338CC2A0006C726 /* SceneDelegate.swift */ = {isa = PBXFileReference; lastKnownFileType = sourcecode.swift; path = SceneDelegate.swift; sourceTree = "<group>"; };
		F325403A2338CC2A0006C726 /* CoreDataWebinarSix.xcdatamodel */ = {isa = PBXFileReference; lastKnownFileType = wrapper.xcdatamodel; path = CoreDataWebinarSix.xcdatamodel; sourceTree = "<group>"; };
		F325403C2338CC2A0006C726 /* ContentView.swift */ = {isa = PBXFileReference; lastKnownFileType = sourcecode.swift; path = ContentView.swift; sourceTree = "<group>"; };
		F325403E2338CC2C0006C726 /* Assets.xcassets */ = {isa = PBXFileReference; lastKnownFileType = folder.assetcatalog; path = Assets.xcassets; sourceTree = "<group>"; };
		F32540412338CC2C0006C726 /* Preview Assets.xcassets */ = {isa = PBXFileReference; lastKnownFileType = folder.assetcatalog; path = "Preview Assets.xcassets"; sourceTree = "<group>"; };
		F32540442338CC2C0006C726 /* Base */ = {isa = PBXFileReference; lastKnownFileType = file.storyboard; name = Base; path = Base.lproj/LaunchScreen.storyboard; sourceTree = "<group>"; };
		F32540462338CC2C0006C726 /* Info.plist */ = {isa = PBXFileReference; lastKnownFileType = text.plist.xml; path = Info.plist; sourceTree = "<group>"; };
/* End PBXFileReference section */

/* Begin PBXFrameworksBuildPhase section */
		F325402F2338CC2A0006C726 /* Frameworks */ = {
			isa = PBXFrameworksBuildPhase;
			buildActionMask = 2147483647;
			files = (
			);
			runOnlyForDeploymentPostprocessing = 0;
		};
/* End PBXFrameworksBuildPhase section */

/* Begin PBXGroup section */
		F32540292338CC2A0006C726 = {
			isa = PBXGroup;
			children = (
				F32540342338CC2A0006C726 /* CoreDataWebinarSix */,
				F32540332338CC2A0006C726 /* Products */,
			);
			sourceTree = "<group>";
		};
		F32540332338CC2A0006C726 /* Products */ = {
			isa = PBXGroup;
			children = (
				F32540322338CC2A0006C726 /* CoreDataWebinarSix.app */,
			);
			name = Products;
			sourceTree = "<group>";
		};
		F32540342338CC2A0006C726 /* CoreDataWebinarSix */ = {
			isa = PBXGroup;
			children = (
				F32540352338CC2A0006C726 /* AppDelegate.swift */,
				F32540372338CC2A0006C726 /* SceneDelegate.swift */,
				F325403C2338CC2A0006C726 /* ContentView.swift */,
				F325403E2338CC2C0006C726 /* Assets.xcassets */,
				F32540432338CC2C0006C726 /* LaunchScreen.storyboard */,
				F32540462338CC2C0006C726 /* Info.plist */,
				F32540392338CC2A0006C726 /* CoreDataWebinarSix.xcdatamodeld */,
				F32540402338CC2C0006C726 /* Preview Content */,
			);
			path = CoreDataWebinarSix;
			sourceTree = "<group>";
		};
		F32540402338CC2C0006C726 /* Preview Content */ = {
			isa = PBXGroup;
			children = (
				F32540412338CC2C0006C726 /* Preview Assets.xcassets */,
			);
			path = "Preview Content";
			sourceTree = "<group>";
		};
/* End PBXGroup section */

/* Begin PBXNativeTarget section */
		F32540312338CC2A0006C726 /* CoreDataWebinarSix */ = {
			isa = PBXNativeTarget;
			buildConfigurationList = F32540492338CC2C0006C726 /* Build configuration list for PBXNativeTarget "CoreDataWebinarSix" */;
			buildPhases = (
				F325402E2338CC2A0006C726 /* Sources */,
				F325402F2338CC2A0006C726 /* Frameworks */,
				F32540302338CC2A0006C726 /* Resources */,
			);
			buildRules = (
			);
			dependencies = (
			);
			name = CoreDataWebinarSix;
			productName = CoreDataWebinarSix;
			productReference = F32540322338CC2A0006C726 /* CoreDataWebinarSix.app */;
			productType = "com.apple.product-type.application";
		};
/* End PBXNativeTarget section */

/* Begin PBXProject section */
		F325402A2338CC2A0006C726 /* Project object */ = {
			isa = PBXProject;
			attributes = {
				LastSwiftUpdateCheck = 1100;
				LastUpgradeCheck = 1100;
				ORGANIZATIONNAME = "Mykhailo Bondarenko";
				TargetAttributes = {
					F32540312338CC2A0006C726 = {
						CreatedOnToolsVersion = 11.0;
					};
				};
			};
			buildConfigurationList = F325402D2338CC2A0006C726 /* Build configuration list for PBXProject "CoreDataWebinarSix" */;
			compatibilityVersion = "Xcode 9.3";
			developmentRegion = en;
			hasScannedForEncodings = 0;
			knownRegions = (
				en,
				Base,
			);
			mainGroup = F32540292338CC2A0006C726;
			productRefGroup = F32540332338CC2A0006C726 /* Products */;
			projectDirPath = "";
			projectRoot = "";
			targets = (
				F32540312338CC2A0006C726 /* CoreDataWebinarSix */,
			);
		};
/* End PBXProject section */

/* Begin PBXResourcesBuildPhase section */
		F32540302338CC2A0006C726 /* Resources */ = {
			isa = PBXResourcesBuildPhase;
			buildActionMask = 2147483647;
			files = (
				F32540452338CC2C0006C726 /* LaunchScreen.storyboard in Resources */,
				F32540422338CC2C0006C726 /* Preview Assets.xcassets in Resources */,
				F325403F2338CC2C0006C726 /* Assets.xcassets in Resources */,
			);
			runOnlyForDeploymentPostprocessing = 0;
		};
/* End PBXResourcesBuildPhase section */

/* Begin PBXSourcesBuildPhase section */
		F325402E2338CC2A0006C726 /* Sources */ = {
			isa = PBXSourcesBuildPhase;
			buildActionMask = 2147483647;
			files = (
				F32540362338CC2A0006C726 /* AppDelegate.swift in Sources */,
				F32540382338CC2A0006C726 /* SceneDelegate.swift in Sources */,
				F325403D2338CC2A0006C726 /* ContentView.swift in Sources */,
				F325403B2338CC2A0006C726 /* CoreDataWebinarSix.xcdatamodeld in Sources */,
			);
			runOnlyForDeploymentPostprocessing = 0;
		};
/* End PBXSourcesBuildPhase section */

/* Begin PBXVariantGroup section */
		F32540432338CC2C0006C726 /* LaunchScreen.storyboard */ = {
			isa = PBXVariantGroup;
			children = (
				F32540442338CC2C0006C726 /* Base */,
			);
			name = LaunchScreen.storyboard;
			sourceTree = "<group>";
		};
/* End PBXVariantGroup section */

/* Begin XCBuildConfiguration section */
		F32540472338CC2C0006C726 /* Debug */ = {
			isa = XCBuildConfiguration;
			buildSettings = {
				ALWAYS_SEARCH_USER_PATHS = NO;
				CLANG_ANALYZER_NONNULL = YES;
				CLANG_ANALYZER_NUMBER_OBJECT_CONVERSION = YES_AGGRESSIVE;
				CLANG_CXX_LANGUAGE_STANDARD = "gnu++14";
				CLANG_CXX_LIBRARY = "libc++";
				CLANG_ENABLE_MODULES = YES;
				CLANG_ENABLE_OBJC_ARC = YES;
				CLANG_ENABLE_OBJC_WEAK = YES;
				CLANG_WARN_BLOCK_CAPTURE_AUTORELEASING = YES;
				CLANG_WARN_BOOL_CONVERSION = YES;
				CLANG_WARN_COMMA = YES;
				CLANG_WARN_CONSTANT_CONVERSION = YES;
				CLANG_WARN_DEPRECATED_OBJC_IMPLEMENTATIONS = YES;
				CLANG_WARN_DIRECT_OBJC_ISA_USAGE = YES_ERROR;
				CLANG_WARN_DOCUMENTATION_COMMENTS = YES;
				CLANG_WARN_EMPTY_BODY = YES;
				CLANG_WARN_ENUM_CONVERSION = YES;
				CLANG_WARN_INFINITE_RECURSION = YES;
				CLANG_WARN_INT_CONVERSION = YES;
				CLANG_WARN_NON_LITERAL_NULL_CONVERSION = YES;
				CLANG_WARN_OBJC_IMPLICIT_RETAIN_SELF = YES;
				CLANG_WARN_OBJC_LITERAL_CONVERSION = YES;
				CLANG_WARN_OBJC_ROOT_CLASS = YES_ERROR;
				CLANG_WARN_RANGE_LOOP_ANALYSIS = YES;
				CLANG_WARN_STRICT_PROTOTYPES = YES;
				CLANG_WARN_SUSPICIOUS_MOVE = YES;
				CLANG_WARN_UNGUARDED_AVAILABILITY = YES_AGGRESSIVE;
				CLANG_WARN_UNREACHABLE_CODE = YES;
				CLANG_WARN__DUPLICATE_METHOD_MATCH = YES;
				COPY_PHASE_STRIP = NO;
				DEBUG_INFORMATION_FORMAT = dwarf;
				ENABLE_STRICT_OBJC_MSGSEND = YES;
				ENABLE_TESTABILITY = YES;
				GCC_C_LANGUAGE_STANDARD = gnu11;
				GCC_DYNAMIC_NO_PIC = NO;
				GCC_NO_COMMON_BLOCKS = YES;
				GCC_OPTIMIZATION_LEVEL = 0;
				GCC_PREPROCESSOR_DEFINITIONS = (
					"DEBUG=1",
					"$(inherited)",
				);
				GCC_WARN_64_TO_32_BIT_CONVERSION = YES;
				GCC_WARN_ABOUT_RETURN_TYPE = YES_ERROR;
				GCC_WARN_UNDECLARED_SELECTOR = YES;
				GCC_WARN_UNINITIALIZED_AUTOS = YES_AGGRESSIVE;
				GCC_WARN_UNUSED_FUNCTION = YES;
				GCC_WARN_UNUSED_VARIABLE = YES;
				IPHONEOS_DEPLOYMENT_TARGET = 13.0;
				MTL_ENABLE_DEBUG_INFO = INCLUDE_SOURCE;
				MTL_FAST_MATH = YES;
				ONLY_ACTIVE_ARCH = YES;
				SDKROOT = iphoneos;
				SWIFT_ACTIVE_COMPILATION_CONDITIONS = DEBUG;
				SWIFT_OPTIMIZATION_LEVEL = "-Onone";
			};
			name = Debug;
		};
		F32540482338CC2C0006C726 /* Release */ = {
			isa = XCBuildConfiguration;
			buildSettings = {
				ALWAYS_SEARCH_USER_PATHS = NO;
				CLANG_ANALYZER_NONNULL = YES;
				CLANG_ANALYZER_NUMBER_OBJECT_CONVERSION = YES_AGGRESSIVE;
				CLANG_CXX_LANGUAGE_STANDARD = "gnu++14";
				CLANG_CXX_LIBRARY = "libc++";
				CLANG_ENABLE_MODULES = YES;
				CLANG_ENABLE_OBJC_ARC = YES;
				CLANG_ENABLE_OBJC_WEAK = YES;
				CLANG_WARN_BLOCK_CAPTURE_AUTORELEASING = YES;
				CLANG_WARN_BOOL_CONVERSION = YES;
				CLANG_WARN_COMMA = YES;
				CLANG_WARN_CONSTANT_CONVERSION = YES;
				CLANG_WARN_DEPRECATED_OBJC_IMPLEMENTATIONS = YES;
				CLANG_WARN_DIRECT_OBJC_ISA_USAGE = YES_ERROR;
				CLANG_WARN_DOCUMENTATION_COMMENTS = YES;
				CLANG_WARN_EMPTY_BODY = YES;
				CLANG_WARN_ENUM_CONVERSION = YES;
				CLANG_WARN_INFINITE_RECURSION = YES;
				CLANG_WARN_INT_CONVERSION = YES;
				CLANG_WARN_NON_LITERAL_NULL_CONVERSION = YES;
				CLANG_WARN_OBJC_IMPLICIT_RETAIN_SELF = YES;
				CLANG_WARN_OBJC_LITERAL_CONVERSION = YES;
				CLANG_WARN_OBJC_ROOT_CLASS = YES_ERROR;
				CLANG_WARN_RANGE_LOOP_ANALYSIS = YES;
				CLANG_WARN_STRICT_PROTOTYPES = YES;
				CLANG_WARN_SUSPICIOUS_MOVE = YES;
				CLANG_WARN_UNGUARDED_AVAILABILITY = YES_AGGRESSIVE;
				CLANG_WARN_UNREACHABLE_CODE = YES;
				CLANG_WARN__DUPLICATE_METHOD_MATCH = YES;
				COPY_PHASE_STRIP = NO;
				DEBUG_INFORMATION_FORMAT = "dwarf-with-dsym";
				ENABLE_NS_ASSERTIONS = NO;
				ENABLE_STRICT_OBJC_MSGSEND = YES;
				GCC_C_LANGUAGE_STANDARD = gnu11;
				GCC_NO_COMMON_BLOCKS = YES;
				GCC_WARN_64_TO_32_BIT_CONVERSION = YES;
				GCC_WARN_ABOUT_RETURN_TYPE = YES_ERROR;
				GCC_WARN_UNDECLARED_SELECTOR = YES;
				GCC_WARN_UNINITIALIZED_AUTOS = YES_AGGRESSIVE;
				GCC_WARN_UNUSED_FUNCTION = YES;
				GCC_WARN_UNUSED_VARIABLE = YES;
				IPHONEOS_DEPLOYMENT_TARGET = 13.0;
				MTL_ENABLE_DEBUG_INFO = NO;
				MTL_FAST_MATH = YES;
				SDKROOT = iphoneos;
				SWIFT_COMPILATION_MODE = wholemodule;
				SWIFT_OPTIMIZATION_LEVEL = "-O";
				VALIDATE_PRODUCT = YES;
			};
			name = Release;
		};
		F325404A2338CC2C0006C726 /* Debug */ = {
			isa = XCBuildConfiguration;
			buildSettings = {
				ASSETCATALOG_COMPILER_APPICON_NAME = AppIcon;
				CODE_SIGN_STYLE = Automatic;
				DEVELOPMENT_ASSET_PATHS = "\"CoreDataWebinarSix/Preview Content\"";
				DEVELOPMENT_TEAM = GYWWW55376;
				ENABLE_PREVIEWS = YES;
				INFOPLIST_FILE = CoreDataWebinarSix/Info.plist;
				LD_RUNPATH_SEARCH_PATHS = (
					"$(inherited)",
					"@executable_path/Frameworks",
				);
				PRODUCT_BUNDLE_IDENTIFIER = com.mcmikius.CoreDataWebinarSix;
				PRODUCT_NAME = "$(TARGET_NAME)";
				SWIFT_VERSION = 5.0;
				TARGETED_DEVICE_FAMILY = "1,2";
			};
			name = Debug;
		};
		F325404B2338CC2C0006C726 /* Release */ = {
			isa = XCBuildConfiguration;
			buildSettings = {
				ASSETCATALOG_COMPILER_APPICON_NAME = AppIcon;
				CODE_SIGN_STYLE = Automatic;
				DEVELOPMENT_ASSET_PATHS = "\"CoreDataWebinarSix/Preview Content\"";
				DEVELOPMENT_TEAM = GYWWW55376;
				ENABLE_PREVIEWS = YES;
				INFOPLIST_FILE = CoreDataWebinarSix/Info.plist;
				LD_RUNPATH_SEARCH_PATHS = (
					"$(inherited)",
					"@executable_path/Frameworks",
				);
				PRODUCT_BUNDLE_IDENTIFIER = com.mcmikius.CoreDataWebinarSix;
				PRODUCT_NAME = "$(TARGET_NAME)";
				SWIFT_VERSION = 5.0;
				TARGETED_DEVICE_FAMILY = "1,2";
			};
			name = Release;
		};
/* End XCBuildConfiguration section */

/* Begin XCConfigurationList section */
		F325402D2338CC2A0006C726 /* Build configuration list for PBXProject "CoreDataWebinarSix" */ = {
			isa = XCConfigurationList;
			buildConfigurations = (
				F32540472338CC2C0006C726 /* Debug */,
				F32540482338CC2C0006C726 /* Release */,
			);
			defaultConfigurationIsVisible = 0;
			defaultConfigurationName = Release;
		};
		F32540492338CC2C0006C726 /* Build configuration list for PBXNativeTarget "CoreDataWebinarSix" */ = {
			isa = XCConfigurationList;
			buildConfigurations = (
				F325404A2338CC2C0006C726 /* Debug */,
				F325404B2338CC2C0006C726 /* Release */,
			);
			defaultConfigurationIsVisible = 0;
			defaultConfigurationName = Release;
		};
/* End XCConfigurationList section */

/* Begin XCVersionGroup section */
		F32540392338CC2A0006C726 /* CoreDataWebinarSix.xcdatamodeld */ = {
			isa = XCVersionGroup;
			children = (
				F325403A2338CC2A0006C726 /* CoreDataWebinarSix.xcdatamodel */,
			);
			currentVersion = F325403A2338CC2A0006C726 /* CoreDataWebinarSix.xcdatamodel */;
			path = CoreDataWebinarSix.xcdatamodeld;
			sourceTree = "<group>";
			versionGroupType = wrapper.xcdatamodel;
		};
/* End XCVersionGroup section */
	};
	rootObject = F325402A2338CC2A0006C726 /* Project object */;
}
