// !$*UTF8*$!
{
	archiveVersion = 1;
	classes = {
	};
	objectVersion = 50;
	objects = {

/* Begin PBXBuildFile section */
		F3571D5B233A02350098D4BB /* Person+CoreDataClass.swift in Sources */ = {isa = PBXBuildFile; fileRef = F3571D59233A02350098D4BB /* Person+CoreDataClass.swift */; };
		F3571D5C233A02350098D4BB /* Person+CoreDataProperties.swift in Sources */ = {isa = PBXBuildFile; fileRef = F3571D5A233A02350098D4BB /* Person+CoreDataProperties.swift */; };
		F3571D5F233A04600098D4BB /* ImagePickerCoordinator.swift in Sources */ = {isa = PBXBuildFile; fileRef = F3571D5E233A04600098D4BB /* ImagePickerCoordinator.swift */; };
		F3571D61233A064C0098D4BB /* ImagePickerView.swift in Sources */ = {isa = PBXBuildFile; fileRef = F3571D60233A064C0098D4BB /* ImagePickerView.swift */; };
		F39272BF2339FE8000FD2249 /* AppDelegate.swift in Sources */ = {isa = PBXBuildFile; fileRef = F39272BE2339FE8000FD2249 /* AppDelegate.swift */; };
		F39272C12339FE8000FD2249 /* SceneDelegate.swift in Sources */ = {isa = PBXBuildFile; fileRef = F39272C02339FE8000FD2249 /* SceneDelegate.swift */; };
		F39272C42339FE8000FD2249 /* SwiftUICoreData.xcdatamodeld in Sources */ = {isa = PBXBuildFile; fileRef = F39272C22339FE8000FD2249 /* SwiftUICoreData.xcdatamodeld */; };
		F39272C62339FE8000FD2249 /* ContentView.swift in Sources */ = {isa = PBXBuildFile; fileRef = F39272C52339FE8000FD2249 /* ContentView.swift */; };
		F39272C82339FE8100FD2249 /* Assets.xcassets in Resources */ = {isa = PBXBuildFile; fileRef = F39272C72339FE8100FD2249 /* Assets.xcassets */; };
		F39272CB2339FE8100FD2249 /* Preview Assets.xcassets in Resources */ = {isa = PBXBuildFile; fileRef = F39272CA2339FE8100FD2249 /* Preview Assets.xcassets */; };
		F39272CE2339FE8100FD2249 /* LaunchScreen.storyboard in Resources */ = {isa = PBXBuildFile; fileRef = F39272CC2339FE8100FD2249 /* LaunchScreen.storyboard */; };
/* End PBXBuildFile section */

/* Begin PBXFileReference section */
		F3571D59233A02350098D4BB /* Person+CoreDataClass.swift */ = {isa = PBXFileReference; lastKnownFileType = sourcecode.swift; path = "Person+CoreDataClass.swift"; sourceTree = "<group>"; };
		F3571D5A233A02350098D4BB /* Person+CoreDataProperties.swift */ = {isa = PBXFileReference; lastKnownFileType = sourcecode.swift; path = "Person+CoreDataProperties.swift"; sourceTree = "<group>"; };
		F3571D5E233A04600098D4BB /* ImagePickerCoordinator.swift */ = {isa = PBXFileReference; lastKnownFileType = sourcecode.swift; path = ImagePickerCoordinator.swift; sourceTree = "<group>"; };
		F3571D60233A064C0098D4BB /* ImagePickerView.swift */ = {isa = PBXFileReference; lastKnownFileType = sourcecode.swift; path = ImagePickerView.swift; sourceTree = "<group>"; };
		F39272BB2339FE8000FD2249 /* SwiftUICoreData.app */ = {isa = PBXFileReference; explicitFileType = wrapper.application; includeInIndex = 0; path = SwiftUICoreData.app; sourceTree = BUILT_PRODUCTS_DIR; };
		F39272BE2339FE8000FD2249 /* AppDelegate.swift */ = {isa = PBXFileReference; lastKnownFileType = sourcecode.swift; path = AppDelegate.swift; sourceTree = "<group>"; };
		F39272C02339FE8000FD2249 /* SceneDelegate.swift */ = {isa = PBXFileReference; lastKnownFileType = sourcecode.swift; path = SceneDelegate.swift; sourceTree = "<group>"; };
		F39272C32339FE8000FD2249 /* SwiftUICoreData.xcdatamodel */ = {isa = PBXFileReference; lastKnownFileType = wrapper.xcdatamodel; path = SwiftUICoreData.xcdatamodel; sourceTree = "<group>"; };
		F39272C52339FE8000FD2249 /* ContentView.swift */ = {isa = PBXFileReference; lastKnownFileType = sourcecode.swift; path = ContentView.swift; sourceTree = "<group>"; };
		F39272C72339FE8100FD2249 /* Assets.xcassets */ = {isa = PBXFileReference; lastKnownFileType = folder.assetcatalog; path = Assets.xcassets; sourceTree = "<group>"; };
		F39272CA2339FE8100FD2249 /* Preview Assets.xcassets */ = {isa = PBXFileReference; lastKnownFileType = folder.assetcatalog; path = "Preview Assets.xcassets"; sourceTree = "<group>"; };
		F39272CD2339FE8100FD2249 /* Base */ = {isa = PBXFileReference; lastKnownFileType = file.storyboard; name = Base; path = Base.lproj/LaunchScreen.storyboard; sourceTree = "<group>"; };
		F39272CF2339FE8100FD2249 /* Info.plist */ = {isa = PBXFileReference; lastKnownFileType = text.plist.xml; path = Info.plist; sourceTree = "<group>"; };
/* End PBXFileReference section */

/* Begin PBXFrameworksBuildPhase section */
		F39272B82339FE8000FD2249 /* Frameworks */ = {
			isa = PBXFrameworksBuildPhase;
			buildActionMask = 2147483647;
			files = (
			);
			runOnlyForDeploymentPostprocessing = 0;
		};
/* End PBXFrameworksBuildPhase section */

/* Begin PBXGroup section */
		F3571D5D233A02CB0098D4BB /* Service+CoreData */ = {
			isa = PBXGroup;
			children = (
				F3571D59233A02350098D4BB /* Person+CoreDataClass.swift */,
				F3571D5A233A02350098D4BB /* Person+CoreDataProperties.swift */,
			);
			path = "Service+CoreData";
			sourceTree = "<group>";
		};
		F39272B22339FE8000FD2249 = {
			isa = PBXGroup;
			children = (
				F39272BD2339FE8000FD2249 /* SwiftUICoreData */,
				F39272BC2339FE8000FD2249 /* Products */,
			);
			sourceTree = "<group>";
		};
		F39272BC2339FE8000FD2249 /* Products */ = {
			isa = PBXGroup;
			children = (
				F39272BB2339FE8000FD2249 /* SwiftUICoreData.app */,
			);
			name = Products;
			sourceTree = "<group>";
		};
		F39272BD2339FE8000FD2249 /* SwiftUICoreData */ = {
			isa = PBXGroup;
			children = (
				F3571D5D233A02CB0098D4BB /* Service+CoreData */,
				F39272BE2339FE8000FD2249 /* AppDelegate.swift */,
				F39272C02339FE8000FD2249 /* SceneDelegate.swift */,
				F39272C52339FE8000FD2249 /* ContentView.swift */,
				F3571D5E233A04600098D4BB /* ImagePickerCoordinator.swift */,
				F3571D60233A064C0098D4BB /* ImagePickerView.swift */,
				F39272C72339FE8100FD2249 /* Assets.xcassets */,
				F39272CC2339FE8100FD2249 /* LaunchScreen.storyboard */,
				F39272CF2339FE8100FD2249 /* Info.plist */,
				F39272C22339FE8000FD2249 /* SwiftUICoreData.xcdatamodeld */,
				F39272C92339FE8100FD2249 /* Preview Content */,
			);
			path = SwiftUICoreData;
			sourceTree = "<group>";
		};
		F39272C92339FE8100FD2249 /* Preview Content */ = {
			isa = PBXGroup;
			children = (
				F39272CA2339FE8100FD2249 /* Preview Assets.xcassets */,
			);
			path = "Preview Content";
			sourceTree = "<group>";
		};
/* End PBXGroup section */

/* Begin PBXNativeTarget section */
		F39272BA2339FE8000FD2249 /* SwiftUICoreData */ = {
			isa = PBXNativeTarget;
			buildConfigurationList = F39272D22339FE8100FD2249 /* Build configuration list for PBXNativeTarget "SwiftUICoreData" */;
			buildPhases = (
				F39272B72339FE8000FD2249 /* Sources */,
				F39272B82339FE8000FD2249 /* Frameworks */,
				F39272B92339FE8000FD2249 /* Resources */,
			);
			buildRules = (
			);
			dependencies = (
			);
			name = SwiftUICoreData;
			productName = SwiftUICoreData;
			productReference = F39272BB2339FE8000FD2249 /* SwiftUICoreData.app */;
			productType = "com.apple.product-type.application";
		};
/* End PBXNativeTarget section */

/* Begin PBXProject section */
		F39272B32339FE8000FD2249 /* Project object */ = {
			isa = PBXProject;
			attributes = {
				LastSwiftUpdateCheck = 1100;
				LastUpgradeCheck = 1100;
				ORGANIZATIONNAME = "Mykhailo Bondarenko";
				TargetAttributes = {
					F39272BA2339FE8000FD2249 = {
						CreatedOnToolsVersion = 11.0;
					};
				};
			};
			buildConfigurationList = F39272B62339FE8000FD2249 /* Build configuration list for PBXProject "SwiftUICoreData" */;
			compatibilityVersion = "Xcode 9.3";
			developmentRegion = en;
			hasScannedForEncodings = 0;
			knownRegions = (
				en,
				Base,
			);
			mainGroup = F39272B22339FE8000FD2249;
			productRefGroup = F39272BC2339FE8000FD2249 /* Products */;
			projectDirPath = "";
			projectRoot = "";
			targets = (
				F39272BA2339FE8000FD2249 /* SwiftUICoreData */,
			);
		};
/* End PBXProject section */

/* Begin PBXResourcesBuildPhase section */
		F39272B92339FE8000FD2249 /* Resources */ = {
			isa = PBXResourcesBuildPhase;
			buildActionMask = 2147483647;
			files = (
				F39272CE2339FE8100FD2249 /* LaunchScreen.storyboard in Resources */,
				F39272CB2339FE8100FD2249 /* Preview Assets.xcassets in Resources */,
				F39272C82339FE8100FD2249 /* Assets.xcassets in Resources */,
			);
			runOnlyForDeploymentPostprocessing = 0;
		};
/* End PBXResourcesBuildPhase section */

/* Begin PBXSourcesBuildPhase section */
		F39272B72339FE8000FD2249 /* Sources */ = {
			isa = PBXSourcesBuildPhase;
			buildActionMask = 2147483647;
			files = (
				F39272BF2339FE8000FD2249 /* AppDelegate.swift in Sources */,
				F39272C12339FE8000FD2249 /* SceneDelegate.swift in Sources */,
				F3571D5C233A02350098D4BB /* Person+CoreDataProperties.swift in Sources */,
				F3571D5B233A02350098D4BB /* Person+CoreDataClass.swift in Sources */,
				F3571D61233A064C0098D4BB /* ImagePickerView.swift in Sources */,
				F39272C62339FE8000FD2249 /* ContentView.swift in Sources */,
				F3571D5F233A04600098D4BB /* ImagePickerCoordinator.swift in Sources */,
				F39272C42339FE8000FD2249 /* SwiftUICoreData.xcdatamodeld in Sources */,
			);
			runOnlyForDeploymentPostprocessing = 0;
		};
/* End PBXSourcesBuildPhase section */

/* Begin PBXVariantGroup section */
		F39272CC2339FE8100FD2249 /* LaunchScreen.storyboard */ = {
			isa = PBXVariantGroup;
			children = (
				F39272CD2339FE8100FD2249 /* Base */,
			);
			name = LaunchScreen.storyboard;
			sourceTree = "<group>";
		};
/* End PBXVariantGroup section */

/* Begin XCBuildConfiguration section */
		F39272D02339FE8100FD2249 /* Debug */ = {
			isa = XCBuildConfiguration;
			buildSettings = {
				ALWAYS_SEARCH_USER_PATHS = NO;
				CLANG_ANALYZER_NONNULL = YES;
				CLANG_ANALYZER_NUMBER_OBJECT_CONVERSION = YES_AGGRESSIVE;
				CLANG_CXX_LANGUAGE_STANDARD = "gnu++14";
				CLANG_CXX_LIBRARY = "libc++";
				CLANG_ENABLE_MODULES = YES;
				CLANG_ENABLE_OBJC_ARC = YES;
				CLANG_ENABLE_OBJC_WEAK = YES;
				CLANG_WARN_BLOCK_CAPTURE_AUTORELEASING = YES;
				CLANG_WARN_BOOL_CONVERSION = YES;
				CLANG_WARN_COMMA = YES;
				CLANG_WARN_CONSTANT_CONVERSION = YES;
				CLANG_WARN_DEPRECATED_OBJC_IMPLEMENTATIONS = YES;
				CLANG_WARN_DIRECT_OBJC_ISA_USAGE = YES_ERROR;
				CLANG_WARN_DOCUMENTATION_COMMENTS = YES;
				CLANG_WARN_EMPTY_BODY = YES;
				CLANG_WARN_ENUM_CONVERSION = YES;
				CLANG_WARN_INFINITE_RECURSION = YES;
				CLANG_WARN_INT_CONVERSION = YES;
				CLANG_WARN_NON_LITERAL_NULL_CONVERSION = YES;
				CLANG_WARN_OBJC_IMPLICIT_RETAIN_SELF = YES;
				CLANG_WARN_OBJC_LITERAL_CONVERSION = YES;
				CLANG_WARN_OBJC_ROOT_CLASS = YES_ERROR;
				CLANG_WARN_RANGE_LOOP_ANALYSIS = YES;
				CLANG_WARN_STRICT_PROTOTYPES = YES;
				CLANG_WARN_SUSPICIOUS_MOVE = YES;
				CLANG_WARN_UNGUARDED_AVAILABILITY = YES_AGGRESSIVE;
				CLANG_WARN_UNREACHABLE_CODE = YES;
				CLANG_WARN__DUPLICATE_METHOD_MATCH = YES;
				COPY_PHASE_STRIP = NO;
				DEBUG_INFORMATION_FORMAT = dwarf;
				ENABLE_STRICT_OBJC_MSGSEND = YES;
				ENABLE_TESTABILITY = YES;
				GCC_C_LANGUAGE_STANDARD = gnu11;
				GCC_DYNAMIC_NO_PIC = NO;
				GCC_NO_COMMON_BLOCKS = YES;
				GCC_OPTIMIZATION_LEVEL = 0;
				GCC_PREPROCESSOR_DEFINITIONS = (
					"DEBUG=1",
					"$(inherited)",
				);
				GCC_WARN_64_TO_32_BIT_CONVERSION = YES;
				GCC_WARN_ABOUT_RETURN_TYPE = YES_ERROR;
				GCC_WARN_UNDECLARED_SELECTOR = YES;
				GCC_WARN_UNINITIALIZED_AUTOS = YES_AGGRESSIVE;
				GCC_WARN_UNUSED_FUNCTION = YES;
				GCC_WARN_UNUSED_VARIABLE = YES;
				IPHONEOS_DEPLOYMENT_TARGET = 13.0;
				MTL_ENABLE_DEBUG_INFO = INCLUDE_SOURCE;
				MTL_FAST_MATH = YES;
				ONLY_ACTIVE_ARCH = YES;
				SDKROOT = iphoneos;
				SWIFT_ACTIVE_COMPILATION_CONDITIONS = DEBUG;
				SWIFT_OPTIMIZATION_LEVEL = "-Onone";
			};
			name = Debug;
		};
		F39272D12339FE8100FD2249 /* Release */ = {
			isa = XCBuildConfiguration;
			buildSettings = {
				ALWAYS_SEARCH_USER_PATHS = NO;
				CLANG_ANALYZER_NONNULL = YES;
				CLANG_ANALYZER_NUMBER_OBJECT_CONVERSION = YES_AGGRESSIVE;
				CLANG_CXX_LANGUAGE_STANDARD = "gnu++14";
				CLANG_CXX_LIBRARY = "libc++";
				CLANG_ENABLE_MODULES = YES;
				CLANG_ENABLE_OBJC_ARC = YES;
				CLANG_ENABLE_OBJC_WEAK = YES;
				CLANG_WARN_BLOCK_CAPTURE_AUTORELEASING = YES;
				CLANG_WARN_BOOL_CONVERSION = YES;
				CLANG_WARN_COMMA = YES;
				CLANG_WARN_CONSTANT_CONVERSION = YES;
				CLANG_WARN_DEPRECATED_OBJC_IMPLEMENTATIONS = YES;
				CLANG_WARN_DIRECT_OBJC_ISA_USAGE = YES_ERROR;
				CLANG_WARN_DOCUMENTATION_COMMENTS = YES;
				CLANG_WARN_EMPTY_BODY = YES;
				CLANG_WARN_ENUM_CONVERSION = YES;
				CLANG_WARN_INFINITE_RECURSION = YES;
				CLANG_WARN_INT_CONVERSION = YES;
				CLANG_WARN_NON_LITERAL_NULL_CONVERSION = YES;
				CLANG_WARN_OBJC_IMPLICIT_RETAIN_SELF = YES;
				CLANG_WARN_OBJC_LITERAL_CONVERSION = YES;
				CLANG_WARN_OBJC_ROOT_CLASS = YES_ERROR;
				CLANG_WARN_RANGE_LOOP_ANALYSIS = YES;
				CLANG_WARN_STRICT_PROTOTYPES = YES;
				CLANG_WARN_SUSPICIOUS_MOVE = YES;
				CLANG_WARN_UNGUARDED_AVAILABILITY = YES_AGGRESSIVE;
				CLANG_WARN_UNREACHABLE_CODE = YES;
				CLANG_WARN__DUPLICATE_METHOD_MATCH = YES;
				COPY_PHASE_STRIP = NO;
				DEBUG_INFORMATION_FORMAT = "dwarf-with-dsym";
				ENABLE_NS_ASSERTIONS = NO;
				ENABLE_STRICT_OBJC_MSGSEND = YES;
				GCC_C_LANGUAGE_STANDARD = gnu11;
				GCC_NO_COMMON_BLOCKS = YES;
				GCC_WARN_64_TO_32_BIT_CONVERSION = YES;
				GCC_WARN_ABOUT_RETURN_TYPE = YES_ERROR;
				GCC_WARN_UNDECLARED_SELECTOR = YES;
				GCC_WARN_UNINITIALIZED_AUTOS = YES_AGGRESSIVE;
				GCC_WARN_UNUSED_FUNCTION = YES;
				GCC_WARN_UNUSED_VARIABLE = YES;
				IPHONEOS_DEPLOYMENT_TARGET = 13.0;
				MTL_ENABLE_DEBUG_INFO = NO;
				MTL_FAST_MATH = YES;
				SDKROOT = iphoneos;
				SWIFT_COMPILATION_MODE = wholemodule;
				SWIFT_OPTIMIZATION_LEVEL = "-O";
				VALIDATE_PRODUCT = YES;
			};
			name = Release;
		};
		F39272D32339FE8100FD2249 /* Debug */ = {
			isa = XCBuildConfiguration;
			buildSettings = {
				ASSETCATALOG_COMPILER_APPICON_NAME = AppIcon;
				CODE_SIGN_STYLE = Automatic;
				DEVELOPMENT_ASSET_PATHS = "\"SwiftUICoreData/Preview Content\"";
				DEVELOPMENT_TEAM = GYWWW55376;
				ENABLE_PREVIEWS = YES;
				INFOPLIST_FILE = SwiftUICoreData/Info.plist;
				LD_RUNPATH_SEARCH_PATHS = (
					"$(inherited)",
					"@executable_path/Frameworks",
				);
				PRODUCT_BUNDLE_IDENTIFIER = com.mcmikius.SwiftUICoreData;
				PRODUCT_NAME = "$(TARGET_NAME)";
				SWIFT_VERSION = 5.0;
				TARGETED_DEVICE_FAMILY = "1,2";
			};
			name = Debug;
		};
		F39272D42339FE8100FD2249 /* Release */ = {
			isa = XCBuildConfiguration;
			buildSettings = {
				ASSETCATALOG_COMPILER_APPICON_NAME = AppIcon;
				CODE_SIGN_STYLE = Automatic;
				DEVELOPMENT_ASSET_PATHS = "\"SwiftUICoreData/Preview Content\"";
				DEVELOPMENT_TEAM = GYWWW55376;
				ENABLE_PREVIEWS = YES;
				INFOPLIST_FILE = SwiftUICoreData/Info.plist;
				LD_RUNPATH_SEARCH_PATHS = (
					"$(inherited)",
					"@executable_path/Frameworks",
				);
				PRODUCT_BUNDLE_IDENTIFIER = com.mcmikius.SwiftUICoreData;
				PRODUCT_NAME = "$(TARGET_NAME)";
				SWIFT_VERSION = 5.0;
				TARGETED_DEVICE_FAMILY = "1,2";
			};
			name = Release;
		};
/* End XCBuildConfiguration section */

/* Begin XCConfigurationList section */
		F39272B62339FE8000FD2249 /* Build configuration list for PBXProject "SwiftUICoreData" */ = {
			isa = XCConfigurationList;
			buildConfigurations = (
				F39272D02339FE8100FD2249 /* Debug */,
				F39272D12339FE8100FD2249 /* Release */,
			);
			defaultConfigurationIsVisible = 0;
			defaultConfigurationName = Release;
		};
		F39272D22339FE8100FD2249 /* Build configuration list for PBXNativeTarget "SwiftUICoreData" */ = {
			isa = XCConfigurationList;
			buildConfigurations = (
				F39272D32339FE8100FD2249 /* Debug */,
				F39272D42339FE8100FD2249 /* Release */,
			);
			defaultConfigurationIsVisible = 0;
			defaultConfigurationName = Release;
		};
/* End XCConfigurationList section */

/* Begin XCVersionGroup section */
		F39272C22339FE8000FD2249 /* SwiftUICoreData.xcdatamodeld */ = {
			isa = XCVersionGroup;
			children = (
				F39272C32339FE8000FD2249 /* SwiftUICoreData.xcdatamodel */,
			);
			currentVersion = F39272C32339FE8000FD2249 /* SwiftUICoreData.xcdatamodel */;
			path = SwiftUICoreData.xcdatamodeld;
			sourceTree = "<group>";
			versionGroupType = wrapper.xcdatamodel;
		};
/* End XCVersionGroup section */
	};
	rootObject = F39272B32339FE8000FD2249 /* Project object */;
}
