// !$*UTF8*$!
{
	archiveVersion = 1;
	classes = {
	};
	objectVersion = 50;
	objects = {

/* Begin PBXBuildFile section */
		F310F947232B613600CEDFC7 /* AppDelegate.swift in Sources */ = {isa = PBXBuildFile; fileRef = F310F946232B613600CEDFC7 /* AppDelegate.swift */; };
		F310F949232B613600CEDFC7 /* SceneDelegate.swift in Sources */ = {isa = PBXBuildFile; fileRef = F310F948232B613600CEDFC7 /* SceneDelegate.swift */; };
		F310F94B232B613600CEDFC7 /* ContentView.swift in Sources */ = {isa = PBXBuildFile; fileRef = F310F94A232B613600CEDFC7 /* ContentView.swift */; };
		F310F94D232B613700CEDFC7 /* Assets.xcassets in Resources */ = {isa = PBXBuildFile; fileRef = F310F94C232B613700CEDFC7 /* Assets.xcassets */; };
		F310F950232B613700CEDFC7 /* Preview Assets.xcassets in Resources */ = {isa = PBXBuildFile; fileRef = F310F94F232B613700CEDFC7 /* Preview Assets.xcassets */; };
		F310F953232B613700CEDFC7 /* LaunchScreen.storyboard in Resources */ = {isa = PBXBuildFile; fileRef = F310F951232B613700CEDFC7 /* LaunchScreen.storyboard */; };
		F310F95B232B61E200CEDFC7 /* SecondView.swift in Sources */ = {isa = PBXBuildFile; fileRef = F310F95A232B61E200CEDFC7 /* SecondView.swift */; };
		F310F95D232B61F200CEDFC7 /* ChannelView.swift in Sources */ = {isa = PBXBuildFile; fileRef = F310F95C232B61F200CEDFC7 /* ChannelView.swift */; };
		F310F95F232B64D700CEDFC7 /* VideoIdea.swift in Sources */ = {isa = PBXBuildFile; fileRef = F310F95E232B64D700CEDFC7 /* VideoIdea.swift */; };
		F310F961232B650D00CEDFC7 /* ChannelData.swift in Sources */ = {isa = PBXBuildFile; fileRef = F310F960232B650D00CEDFC7 /* ChannelData.swift */; };
/* End PBXBuildFile section */

/* Begin PBXFileReference section */
		F310F943232B613600CEDFC7 /* VCShow.app */ = {isa = PBXFileReference; explicitFileType = wrapper.application; includeInIndex = 0; path = VCShow.app; sourceTree = BUILT_PRODUCTS_DIR; };
		F310F946232B613600CEDFC7 /* AppDelegate.swift */ = {isa = PBXFileReference; lastKnownFileType = sourcecode.swift; path = AppDelegate.swift; sourceTree = "<group>"; };
		F310F948232B613600CEDFC7 /* SceneDelegate.swift */ = {isa = PBXFileReference; lastKnownFileType = sourcecode.swift; path = SceneDelegate.swift; sourceTree = "<group>"; };
		F310F94A232B613600CEDFC7 /* ContentView.swift */ = {isa = PBXFileReference; lastKnownFileType = sourcecode.swift; path = ContentView.swift; sourceTree = "<group>"; };
		F310F94C232B613700CEDFC7 /* Assets.xcassets */ = {isa = PBXFileReference; lastKnownFileType = folder.assetcatalog; path = Assets.xcassets; sourceTree = "<group>"; };
		F310F94F232B613700CEDFC7 /* Preview Assets.xcassets */ = {isa = PBXFileReference; lastKnownFileType = folder.assetcatalog; path = "Preview Assets.xcassets"; sourceTree = "<group>"; };
		F310F952232B613700CEDFC7 /* Base */ = {isa = PBXFileReference; lastKnownFileType = file.storyboard; name = Base; path = Base.lproj/LaunchScreen.storyboard; sourceTree = "<group>"; };
		F310F954232B613700CEDFC7 /* Info.plist */ = {isa = PBXFileReference; lastKnownFileType = text.plist.xml; path = Info.plist; sourceTree = "<group>"; };
		F310F95A232B61E200CEDFC7 /* SecondView.swift */ = {isa = PBXFileReference; lastKnownFileType = sourcecode.swift; path = SecondView.swift; sourceTree = "<group>"; };
		F310F95C232B61F200CEDFC7 /* ChannelView.swift */ = {isa = PBXFileReference; lastKnownFileType = sourcecode.swift; path = ChannelView.swift; sourceTree = "<group>"; };
		F310F95E232B64D700CEDFC7 /* VideoIdea.swift */ = {isa = PBXFileReference; lastKnownFileType = sourcecode.swift; path = VideoIdea.swift; sourceTree = "<group>"; };
		F310F960232B650D00CEDFC7 /* ChannelData.swift */ = {isa = PBXFileReference; lastKnownFileType = sourcecode.swift; path = ChannelData.swift; sourceTree = "<group>"; };
/* End PBXFileReference section */

/* Begin PBXFrameworksBuildPhase section */
		F310F940232B613600CEDFC7 /* Frameworks */ = {
			isa = PBXFrameworksBuildPhase;
			buildActionMask = 2147483647;
			files = (
			);
			runOnlyForDeploymentPostprocessing = 0;
		};
/* End PBXFrameworksBuildPhase section */

/* Begin PBXGroup section */
		F310F93A232B613600CEDFC7 = {
			isa = PBXGroup;
			children = (
				F310F945232B613600CEDFC7 /* VCShow */,
				F310F944232B613600CEDFC7 /* Products */,
			);
			sourceTree = "<group>";
		};
		F310F944232B613600CEDFC7 /* Products */ = {
			isa = PBXGroup;
			children = (
				F310F943232B613600CEDFC7 /* VCShow.app */,
			);
			name = Products;
			sourceTree = "<group>";
		};
		F310F945232B613600CEDFC7 /* VCShow */ = {
			isa = PBXGroup;
			children = (
				F310F946232B613600CEDFC7 /* AppDelegate.swift */,
				F310F948232B613600CEDFC7 /* SceneDelegate.swift */,
				F310F94A232B613600CEDFC7 /* ContentView.swift */,
				F310F95A232B61E200CEDFC7 /* SecondView.swift */,
				F310F95C232B61F200CEDFC7 /* ChannelView.swift */,
				F310F95E232B64D700CEDFC7 /* VideoIdea.swift */,
				F310F960232B650D00CEDFC7 /* ChannelData.swift */,
				F310F94C232B613700CEDFC7 /* Assets.xcassets */,
				F310F951232B613700CEDFC7 /* LaunchScreen.storyboard */,
				F310F954232B613700CEDFC7 /* Info.plist */,
				F310F94E232B613700CEDFC7 /* Preview Content */,
			);
			path = VCShow;
			sourceTree = "<group>";
		};
		F310F94E232B613700CEDFC7 /* Preview Content */ = {
			isa = PBXGroup;
			children = (
				F310F94F232B613700CEDFC7 /* Preview Assets.xcassets */,
			);
			path = "Preview Content";
			sourceTree = "<group>";
		};
/* End PBXGroup section */

/* Begin PBXNativeTarget section */
		F310F942232B613600CEDFC7 /* VCShow */ = {
			isa = PBXNativeTarget;
			buildConfigurationList = F310F957232B613700CEDFC7 /* Build configuration list for PBXNativeTarget "VCShow" */;
			buildPhases = (
				F310F93F232B613600CEDFC7 /* Sources */,
				F310F940232B613600CEDFC7 /* Frameworks */,
				F310F941232B613600CEDFC7 /* Resources */,
			);
			buildRules = (
			);
			dependencies = (
			);
			name = VCShow;
			productName = VCShow;
			productReference = F310F943232B613600CEDFC7 /* VCShow.app */;
			productType = "com.apple.product-type.application";
		};
/* End PBXNativeTarget section */

/* Begin PBXProject section */
		F310F93B232B613600CEDFC7 /* Project object */ = {
			isa = PBXProject;
			attributes = {
				LastSwiftUpdateCheck = 1100;
				LastUpgradeCheck = 1100;
				ORGANIZATIONNAME = "Mykhailo Bondarenko";
				TargetAttributes = {
					F310F942232B613600CEDFC7 = {
						CreatedOnToolsVersion = 11.0;
					};
				};
			};
			buildConfigurationList = F310F93E232B613600CEDFC7 /* Build configuration list for PBXProject "VCShow" */;
			compatibilityVersion = "Xcode 9.3";
			developmentRegion = en;
			hasScannedForEncodings = 0;
			knownRegions = (
				en,
				Base,
			);
			mainGroup = F310F93A232B613600CEDFC7;
			productRefGroup = F310F944232B613600CEDFC7 /* Products */;
			projectDirPath = "";
			projectRoot = "";
			targets = (
				F310F942232B613600CEDFC7 /* VCShow */,
			);
		};
/* End PBXProject section */

/* Begin PBXResourcesBuildPhase section */
		F310F941232B613600CEDFC7 /* Resources */ = {
			isa = PBXResourcesBuildPhase;
			buildActionMask = 2147483647;
			files = (
				F310F953232B613700CEDFC7 /* LaunchScreen.storyboard in Resources */,
				F310F950232B613700CEDFC7 /* Preview Assets.xcassets in Resources */,
				F310F94D232B613700CEDFC7 /* Assets.xcassets in Resources */,
			);
			runOnlyForDeploymentPostprocessing = 0;
		};
/* End PBXResourcesBuildPhase section */

/* Begin PBXSourcesBuildPhase section */
		F310F93F232B613600CEDFC7 /* Sources */ = {
			isa = PBXSourcesBuildPhase;
			buildActionMask = 2147483647;
			files = (
				F310F961232B650D00CEDFC7 /* ChannelData.swift in Sources */,
				F310F95F232B64D700CEDFC7 /* VideoIdea.swift in Sources */,
				F310F947232B613600CEDFC7 /* AppDelegate.swift in Sources */,
				F310F949232B613600CEDFC7 /* SceneDelegate.swift in Sources */,
				F310F95B232B61E200CEDFC7 /* SecondView.swift in Sources */,
				F310F95D232B61F200CEDFC7 /* ChannelView.swift in Sources */,
				F310F94B232B613600CEDFC7 /* ContentView.swift in Sources */,
			);
			runOnlyForDeploymentPostprocessing = 0;
		};
/* End PBXSourcesBuildPhase section */

/* Begin PBXVariantGroup section */
		F310F951232B613700CEDFC7 /* LaunchScreen.storyboard */ = {
			isa = PBXVariantGroup;
			children = (
				F310F952232B613700CEDFC7 /* Base */,
			);
			name = LaunchScreen.storyboard;
			sourceTree = "<group>";
		};
/* End PBXVariantGroup section */

/* Begin XCBuildConfiguration section */
		F310F955232B613700CEDFC7 /* Debug */ = {
			isa = XCBuildConfiguration;
			buildSettings = {
				ALWAYS_SEARCH_USER_PATHS = NO;
				CLANG_ANALYZER_NONNULL = YES;
				CLANG_ANALYZER_NUMBER_OBJECT_CONVERSION = YES_AGGRESSIVE;
				CLANG_CXX_LANGUAGE_STANDARD = "gnu++14";
				CLANG_CXX_LIBRARY = "libc++";
				CLANG_ENABLE_MODULES = YES;
				CLANG_ENABLE_OBJC_ARC = YES;
				CLANG_ENABLE_OBJC_WEAK = YES;
				CLANG_WARN_BLOCK_CAPTURE_AUTORELEASING = YES;
				CLANG_WARN_BOOL_CONVERSION = YES;
				CLANG_WARN_COMMA = YES;
				CLANG_WARN_CONSTANT_CONVERSION = YES;
				CLANG_WARN_DEPRECATED_OBJC_IMPLEMENTATIONS = YES;
				CLANG_WARN_DIRECT_OBJC_ISA_USAGE = YES_ERROR;
				CLANG_WARN_DOCUMENTATION_COMMENTS = YES;
				CLANG_WARN_EMPTY_BODY = YES;
				CLANG_WARN_ENUM_CONVERSION = YES;
				CLANG_WARN_INFINITE_RECURSION = YES;
				CLANG_WARN_INT_CONVERSION = YES;
				CLANG_WARN_NON_LITERAL_NULL_CONVERSION = YES;
				CLANG_WARN_OBJC_IMPLICIT_RETAIN_SELF = YES;
				CLANG_WARN_OBJC_LITERAL_CONVERSION = YES;
				CLANG_WARN_OBJC_ROOT_CLASS = YES_ERROR;
				CLANG_WARN_RANGE_LOOP_ANALYSIS = YES;
				CLANG_WARN_STRICT_PROTOTYPES = YES;
				CLANG_WARN_SUSPICIOUS_MOVE = YES;
				CLANG_WARN_UNGUARDED_AVAILABILITY = YES_AGGRESSIVE;
				CLANG_WARN_UNREACHABLE_CODE = YES;
				CLANG_WARN__DUPLICATE_METHOD_MATCH = YES;
				COPY_PHASE_STRIP = NO;
				DEBUG_INFORMATION_FORMAT = dwarf;
				ENABLE_STRICT_OBJC_MSGSEND = YES;
				ENABLE_TESTABILITY = YES;
				GCC_C_LANGUAGE_STANDARD = gnu11;
				GCC_DYNAMIC_NO_PIC = NO;
				GCC_NO_COMMON_BLOCKS = YES;
				GCC_OPTIMIZATION_LEVEL = 0;
				GCC_PREPROCESSOR_DEFINITIONS = (
					"DEBUG=1",
					"$(inherited)",
				);
				GCC_WARN_64_TO_32_BIT_CONVERSION = YES;
				GCC_WARN_ABOUT_RETURN_TYPE = YES_ERROR;
				GCC_WARN_UNDECLARED_SELECTOR = YES;
				GCC_WARN_UNINITIALIZED_AUTOS = YES_AGGRESSIVE;
				GCC_WARN_UNUSED_FUNCTION = YES;
				GCC_WARN_UNUSED_VARIABLE = YES;
				IPHONEOS_DEPLOYMENT_TARGET = 13.0;
				MTL_ENABLE_DEBUG_INFO = INCLUDE_SOURCE;
				MTL_FAST_MATH = YES;
				ONLY_ACTIVE_ARCH = YES;
				SDKROOT = iphoneos;
				SWIFT_ACTIVE_COMPILATION_CONDITIONS = DEBUG;
				SWIFT_OPTIMIZATION_LEVEL = "-Onone";
			};
			name = Debug;
		};
		F310F956232B613700CEDFC7 /* Release */ = {
			isa = XCBuildConfiguration;
			buildSettings = {
				ALWAYS_SEARCH_USER_PATHS = NO;
				CLANG_ANALYZER_NONNULL = YES;
				CLANG_ANALYZER_NUMBER_OBJECT_CONVERSION = YES_AGGRESSIVE;
				CLANG_CXX_LANGUAGE_STANDARD = "gnu++14";
				CLANG_CXX_LIBRARY = "libc++";
				CLANG_ENABLE_MODULES = YES;
				CLANG_ENABLE_OBJC_ARC = YES;
				CLANG_ENABLE_OBJC_WEAK = YES;
				CLANG_WARN_BLOCK_CAPTURE_AUTORELEASING = YES;
				CLANG_WARN_BOOL_CONVERSION = YES;
				CLANG_WARN_COMMA = YES;
				CLANG_WARN_CONSTANT_CONVERSION = YES;
				CLANG_WARN_DEPRECATED_OBJC_IMPLEMENTATIONS = YES;
				CLANG_WARN_DIRECT_OBJC_ISA_USAGE = YES_ERROR;
				CLANG_WARN_DOCUMENTATION_COMMENTS = YES;
				CLANG_WARN_EMPTY_BODY = YES;
				CLANG_WARN_ENUM_CONVERSION = YES;
				CLANG_WARN_INFINITE_RECURSION = YES;
				CLANG_WARN_INT_CONVERSION = YES;
				CLANG_WARN_NON_LITERAL_NULL_CONVERSION = YES;
				CLANG_WARN_OBJC_IMPLICIT_RETAIN_SELF = YES;
				CLANG_WARN_OBJC_LITERAL_CONVERSION = YES;
				CLANG_WARN_OBJC_ROOT_CLASS = YES_ERROR;
				CLANG_WARN_RANGE_LOOP_ANALYSIS = YES;
				CLANG_WARN_STRICT_PROTOTYPES = YES;
				CLANG_WARN_SUSPICIOUS_MOVE = YES;
				CLANG_WARN_UNGUARDED_AVAILABILITY = YES_AGGRESSIVE;
				CLANG_WARN_UNREACHABLE_CODE = YES;
				CLANG_WARN__DUPLICATE_METHOD_MATCH = YES;
				COPY_PHASE_STRIP = NO;
				DEBUG_INFORMATION_FORMAT = "dwarf-with-dsym";
				ENABLE_NS_ASSERTIONS = NO;
				ENABLE_STRICT_OBJC_MSGSEND = YES;
				GCC_C_LANGUAGE_STANDARD = gnu11;
				GCC_NO_COMMON_BLOCKS = YES;
				GCC_WARN_64_TO_32_BIT_CONVERSION = YES;
				GCC_WARN_ABOUT_RETURN_TYPE = YES_ERROR;
				GCC_WARN_UNDECLARED_SELECTOR = YES;
				GCC_WARN_UNINITIALIZED_AUTOS = YES_AGGRESSIVE;
				GCC_WARN_UNUSED_FUNCTION = YES;
				GCC_WARN_UNUSED_VARIABLE = YES;
				IPHONEOS_DEPLOYMENT_TARGET = 13.0;
				MTL_ENABLE_DEBUG_INFO = NO;
				MTL_FAST_MATH = YES;
				SDKROOT = iphoneos;
				SWIFT_COMPILATION_MODE = wholemodule;
				SWIFT_OPTIMIZATION_LEVEL = "-O";
				VALIDATE_PRODUCT = YES;
			};
			name = Release;
		};
		F310F958232B613700CEDFC7 /* Debug */ = {
			isa = XCBuildConfiguration;
			buildSettings = {
				ASSETCATALOG_COMPILER_APPICON_NAME = AppIcon;
				CODE_SIGN_STYLE = Automatic;
				DEVELOPMENT_ASSET_PATHS = "\"VCShow/Preview Content\"";
				ENABLE_PREVIEWS = YES;
				INFOPLIST_FILE = VCShow/Info.plist;
				LD_RUNPATH_SEARCH_PATHS = (
					"$(inherited)",
					"@executable_path/Frameworks",
				);
				PRODUCT_BUNDLE_IDENTIFIER = com.mcmikius.VCShow;
				PRODUCT_NAME = "$(TARGET_NAME)";
				SWIFT_VERSION = 5.0;
				TARGETED_DEVICE_FAMILY = "1,2";
			};
			name = Debug;
		};
		F310F959232B613700CEDFC7 /* Release */ = {
			isa = XCBuildConfiguration;
			buildSettings = {
				ASSETCATALOG_COMPILER_APPICON_NAME = AppIcon;
				CODE_SIGN_STYLE = Automatic;
				DEVELOPMENT_ASSET_PATHS = "\"VCShow/Preview Content\"";
				ENABLE_PREVIEWS = YES;
				INFOPLIST_FILE = VCShow/Info.plist;
				LD_RUNPATH_SEARCH_PATHS = (
					"$(inherited)",
					"@executable_path/Frameworks",
				);
				PRODUCT_BUNDLE_IDENTIFIER = com.mcmikius.VCShow;
				PRODUCT_NAME = "$(TARGET_NAME)";
				SWIFT_VERSION = 5.0;
				TARGETED_DEVICE_FAMILY = "1,2";
			};
			name = Release;
		};
/* End XCBuildConfiguration section */

/* Begin XCConfigurationList section */
		F310F93E232B613600CEDFC7 /* Build configuration list for PBXProject "VCShow" */ = {
			isa = XCConfigurationList;
			buildConfigurations = (
				F310F955232B613700CEDFC7 /* Debug */,
				F310F956232B613700CEDFC7 /* Release */,
			);
			defaultConfigurationIsVisible = 0;
			defaultConfigurationName = Release;
		};
		F310F957232B613700CEDFC7 /* Build configuration list for PBXNativeTarget "VCShow" */ = {
			isa = XCConfigurationList;
			buildConfigurations = (
				F310F958232B613700CEDFC7 /* Debug */,
				F310F959232B613700CEDFC7 /* Release */,
			);
			defaultConfigurationIsVisible = 0;
			defaultConfigurationName = Release;
		};
/* End XCConfigurationList section */
	};
	rootObject = F310F93B232B613600CEDFC7 /* Project object */;
}
